// !$*UTF8*$!
{
	archiveVersion = 1;
	classes = {
	};
	objectVersion = 56;
	objects = {

/* Begin PBXBuildFile section */
		F80EC4AA2907FDD6007E9437 /* MainTabViewController.swift in Sources */ = {isa = PBXBuildFile; fileRef = F80EC4A92907FDD6007E9437 /* MainTabViewController.swift */; };
		F80EC4AD290803F1007E9437 /* FavoriteViewController.swift in Sources */ = {isa = PBXBuildFile; fileRef = F80EC4AC290803F1007E9437 /* FavoriteViewController.swift */; };
		F80EC4B32908094B007E9437 /* Colors.swift in Sources */ = {isa = PBXBuildFile; fileRef = F80EC4B22908094B007E9437 /* Colors.swift */; };
		F80EC4B6290812B7007E9437 /* MovieCollectionViewCell.swift in Sources */ = {isa = PBXBuildFile; fileRef = F80EC4B5290812B7007E9437 /* MovieCollectionViewCell.swift */; };
		F80EC4BE29081D47007E9437 /* NetworkService.swift in Sources */ = {isa = PBXBuildFile; fileRef = F80EC4BD29081D47007E9437 /* NetworkService.swift */; };
		F80EC4C029082832007E9437 /* PublicConstants.swift in Sources */ = {isa = PBXBuildFile; fileRef = F80EC4BF29082832007E9437 /* PublicConstants.swift */; };
		F80EC4C22909A167007E9437 /* MovieList.swift in Sources */ = {isa = PBXBuildFile; fileRef = F80EC4C12909A167007E9437 /* MovieList.swift */; };
		F80EC4C5290A72FD007E9437 /* MovieDetailViewController.swift in Sources */ = {isa = PBXBuildFile; fileRef = F80EC4C4290A72FD007E9437 /* MovieDetailViewController.swift */; };
		F80EC4CC290ABAEA007E9437 /* ImageLoading.swift in Sources */ = {isa = PBXBuildFile; fileRef = F80EC4CB290ABAEA007E9437 /* ImageLoading.swift */; };
		F80EC4D0290AF9B5007E9437 /* MovieInfoTableViewCell.swift in Sources */ = {isa = PBXBuildFile; fileRef = F80EC4CF290AF9B5007E9437 /* MovieInfoTableViewCell.swift */; };
		F80EC4D3290B24B4007E9437 /* PosterMovieTableViewCell.swift in Sources */ = {isa = PBXBuildFile; fileRef = F80EC4D2290B24B4007E9437 /* PosterMovieTableViewCell.swift */; };
		F80EC4D6290B3022007E9437 /* OverviewTableViewCell.swift in Sources */ = {isa = PBXBuildFile; fileRef = F80EC4D5290B3022007E9437 /* OverviewTableViewCell.swift */; };
		F80EC4D8290B326B007E9437 /* Fonts.swift in Sources */ = {isa = PBXBuildFile; fileRef = F80EC4D7290B326B007E9437 /* Fonts.swift */; };
		F80EC4DB290B386A007E9437 /* GenreTableViewCell.swift in Sources */ = {isa = PBXBuildFile; fileRef = F80EC4DA290B386A007E9437 /* GenreTableViewCell.swift */; };
		F80EC4E1290BEC8E007E9437 /* MovieDetail.swift in Sources */ = {isa = PBXBuildFile; fileRef = F80EC4E0290BEC8E007E9437 /* MovieDetail.swift */; };
		F80EC4E6290C03D7007E9437 /* CastTableViewCell.swift in Sources */ = {isa = PBXBuildFile; fileRef = F80EC4E5290C03D7007E9437 /* CastTableViewCell.swift */; };
		F80EC4E8290C0785007E9437 /* ActorCollectionViewCell.swift in Sources */ = {isa = PBXBuildFile; fileRef = F80EC4E7290C0785007E9437 /* ActorCollectionViewCell.swift */; };
		F80EC4EA290C1047007E9437 /* Cast.swift in Sources */ = {isa = PBXBuildFile; fileRef = F80EC4E9290C1047007E9437 /* Cast.swift */; };
		F8AC24542907417E00639953 /* AppDelegate.swift in Sources */ = {isa = PBXBuildFile; fileRef = F8AC24532907417E00639953 /* AppDelegate.swift */; };
		F8AC24562907417E00639953 /* SceneDelegate.swift in Sources */ = {isa = PBXBuildFile; fileRef = F8AC24552907417E00639953 /* SceneDelegate.swift */; };
		F8AC24582907417E00639953 /* MovieListViewController.swift in Sources */ = {isa = PBXBuildFile; fileRef = F8AC24572907417E00639953 /* MovieListViewController.swift */; };
		F8AC245D2907418000639953 /* Assets.xcassets in Resources */ = {isa = PBXBuildFile; fileRef = F8AC245C2907418000639953 /* Assets.xcassets */; };
		F8AC24602907418000639953 /* LaunchScreen.storyboard in Resources */ = {isa = PBXBuildFile; fileRef = F8AC245E2907418000639953 /* LaunchScreen.storyboard */; };
/* End PBXBuildFile section */

/* Begin PBXFileReference section */
		F80EC4A92907FDD6007E9437 /* MainTabViewController.swift */ = {isa = PBXFileReference; lastKnownFileType = sourcecode.swift; path = MainTabViewController.swift; sourceTree = "<group>"; };
		F80EC4AC290803F1007E9437 /* FavoriteViewController.swift */ = {isa = PBXFileReference; lastKnownFileType = sourcecode.swift; path = FavoriteViewController.swift; sourceTree = "<group>"; };
		F80EC4B22908094B007E9437 /* Colors.swift */ = {isa = PBXFileReference; lastKnownFileType = sourcecode.swift; path = Colors.swift; sourceTree = "<group>"; };
		F80EC4B5290812B7007E9437 /* MovieCollectionViewCell.swift */ = {isa = PBXFileReference; lastKnownFileType = sourcecode.swift; path = MovieCollectionViewCell.swift; sourceTree = "<group>"; };
		F80EC4BD29081D47007E9437 /* NetworkService.swift */ = {isa = PBXFileReference; lastKnownFileType = sourcecode.swift; path = NetworkService.swift; sourceTree = "<group>"; };
		F80EC4BF29082832007E9437 /* PublicConstants.swift */ = {isa = PBXFileReference; lastKnownFileType = sourcecode.swift; path = PublicConstants.swift; sourceTree = "<group>"; };
		F80EC4C12909A167007E9437 /* MovieList.swift */ = {isa = PBXFileReference; lastKnownFileType = sourcecode.swift; path = MovieList.swift; sourceTree = "<group>"; };
		F80EC4C4290A72FD007E9437 /* MovieDetailViewController.swift */ = {isa = PBXFileReference; lastKnownFileType = sourcecode.swift; path = MovieDetailViewController.swift; sourceTree = "<group>"; };
		F80EC4CB290ABAEA007E9437 /* ImageLoading.swift */ = {isa = PBXFileReference; lastKnownFileType = sourcecode.swift; path = ImageLoading.swift; sourceTree = "<group>"; };
		F80EC4CF290AF9B5007E9437 /* MovieInfoTableViewCell.swift */ = {isa = PBXFileReference; lastKnownFileType = sourcecode.swift; path = MovieInfoTableViewCell.swift; sourceTree = "<group>"; };
		F80EC4D2290B24B4007E9437 /* PosterMovieTableViewCell.swift */ = {isa = PBXFileReference; lastKnownFileType = sourcecode.swift; path = PosterMovieTableViewCell.swift; sourceTree = "<group>"; };
		F80EC4D5290B3022007E9437 /* OverviewTableViewCell.swift */ = {isa = PBXFileReference; lastKnownFileType = sourcecode.swift; path = OverviewTableViewCell.swift; sourceTree = "<group>"; };
		F80EC4D7290B326B007E9437 /* Fonts.swift */ = {isa = PBXFileReference; lastKnownFileType = sourcecode.swift; path = Fonts.swift; sourceTree = "<group>"; };
		F80EC4DA290B386A007E9437 /* GenreTableViewCell.swift */ = {isa = PBXFileReference; lastKnownFileType = sourcecode.swift; path = GenreTableViewCell.swift; sourceTree = "<group>"; };
		F80EC4E0290BEC8E007E9437 /* MovieDetail.swift */ = {isa = PBXFileReference; lastKnownFileType = sourcecode.swift; path = MovieDetail.swift; sourceTree = "<group>"; };
		F80EC4E5290C03D7007E9437 /* CastTableViewCell.swift */ = {isa = PBXFileReference; lastKnownFileType = sourcecode.swift; path = CastTableViewCell.swift; sourceTree = "<group>"; };
		F80EC4E7290C0785007E9437 /* ActorCollectionViewCell.swift */ = {isa = PBXFileReference; lastKnownFileType = sourcecode.swift; path = ActorCollectionViewCell.swift; sourceTree = "<group>"; };
		F80EC4E9290C1047007E9437 /* Cast.swift */ = {isa = PBXFileReference; lastKnownFileType = sourcecode.swift; path = Cast.swift; sourceTree = "<group>"; };
		F8AC24502907417E00639953 /* Movies_MVVM.app */ = {isa = PBXFileReference; explicitFileType = wrapper.application; includeInIndex = 0; path = Movies_MVVM.app; sourceTree = BUILT_PRODUCTS_DIR; };
		F8AC24532907417E00639953 /* AppDelegate.swift */ = {isa = PBXFileReference; lastKnownFileType = sourcecode.swift; path = AppDelegate.swift; sourceTree = "<group>"; };
		F8AC24552907417E00639953 /* SceneDelegate.swift */ = {isa = PBXFileReference; lastKnownFileType = sourcecode.swift; path = SceneDelegate.swift; sourceTree = "<group>"; };
		F8AC24572907417E00639953 /* MovieListViewController.swift */ = {isa = PBXFileReference; lastKnownFileType = sourcecode.swift; path = MovieListViewController.swift; sourceTree = "<group>"; };
		F8AC245C2907418000639953 /* Assets.xcassets */ = {isa = PBXFileReference; lastKnownFileType = folder.assetcatalog; path = Assets.xcassets; sourceTree = "<group>"; };
		F8AC245F2907418000639953 /* Base */ = {isa = PBXFileReference; lastKnownFileType = file.storyboard; name = Base; path = Base.lproj/LaunchScreen.storyboard; sourceTree = "<group>"; };
		F8AC24612907418000639953 /* Info.plist */ = {isa = PBXFileReference; lastKnownFileType = text.plist.xml; path = Info.plist; sourceTree = "<group>"; };
/* End PBXFileReference section */

/* Begin PBXFrameworksBuildPhase section */
		F8AC244D2907417E00639953 /* Frameworks */ = {
			isa = PBXFrameworksBuildPhase;
			buildActionMask = 2147483647;
			files = (
			);
			runOnlyForDeploymentPostprocessing = 0;
		};
/* End PBXFrameworksBuildPhase section */

/* Begin PBXGroup section */
		F80EC4A82907FD8C007E9437 /* Builder */ = {
			isa = PBXGroup;
			children = (
				F80EC4A92907FDD6007E9437 /* MainTabViewController.swift */,
			);
			path = Builder;
			sourceTree = "<group>";
		};
		F80EC4AB290803D0007E9437 /* ProfileTab */ = {
			isa = PBXGroup;
			children = (
				F80EC4B029080741007E9437 /* Controllers */,
			);
			path = ProfileTab;
			sourceTree = "<group>";
		};
		F80EC4AE29080663007E9437 /* Core */ = {
			isa = PBXGroup;
			children = (
				F80EC4AF2908066D007E9437 /* NetworkService */,
			);
			path = Core;
			sourceTree = "<group>";
		};
		F80EC4AF2908066D007E9437 /* NetworkService */ = {
			isa = PBXGroup;
			children = (
				F80EC4BD29081D47007E9437 /* NetworkService.swift */,
				F80EC4CB290ABAEA007E9437 /* ImageLoading.swift */,
			);
			path = NetworkService;
			sourceTree = "<group>";
		};
		F80EC4B029080741007E9437 /* Controllers */ = {
			isa = PBXGroup;
			children = (
				F80EC4AC290803F1007E9437 /* FavoriteViewController.swift */,
			);
			path = Controllers;
			sourceTree = "<group>";
		};
		F80EC4B12908093E007E9437 /* Helpers */ = {
			isa = PBXGroup;
			children = (
				F80EC4B22908094B007E9437 /* Colors.swift */,
				F80EC4BF29082832007E9437 /* PublicConstants.swift */,
				F80EC4D7290B326B007E9437 /* Fonts.swift */,
			);
			path = Helpers;
			sourceTree = "<group>";
		};
		F80EC4B429081292007E9437 /* Cells */ = {
			isa = PBXGroup;
			children = (
				F80EC4B5290812B7007E9437 /* MovieCollectionViewCell.swift */,
			);
			path = Cells;
			sourceTree = "<group>";
		};
		F80EC4B729081C22007E9437 /* Models */ = {
			isa = PBXGroup;
			children = (
				F80EC4C12909A167007E9437 /* MovieList.swift */,
				F80EC4E0290BEC8E007E9437 /* MovieDetail.swift */,
				F80EC4E9290C1047007E9437 /* Cast.swift */,
			);
			path = Models;
			sourceTree = "<group>";
		};
		F80EC4C3290A72BD007E9437 /* MovieDetail */ = {
			isa = PBXGroup;
			children = (
				F80EC4CD290AF981007E9437 /* Cells */,
				F80EC4C9290A874B007E9437 /* Controllers */,
			);
			path = MovieDetail;
			sourceTree = "<group>";
		};
		F80EC4C9290A874B007E9437 /* Controllers */ = {
			isa = PBXGroup;
			children = (
				F80EC4C4290A72FD007E9437 /* MovieDetailViewController.swift */,
			);
			path = Controllers;
			sourceTree = "<group>";
		};
		F80EC4CD290AF981007E9437 /* Cells */ = {
			isa = PBXGroup;
			children = (
				F80EC4EB290C59F2007E9437 /* CastCell */,
				F80EC4D9290B384C007E9437 /* GenreCell */,
				F80EC4D4290B3005007E9437 /* OverviewCelll */,
				F80EC4D1290B2496007E9437 /* PosterViewCell */,
				F80EC4CE290AF98F007E9437 /* InfoViewCell */,
			);
			path = Cells;
			sourceTree = "<group>";
		};
		F80EC4CE290AF98F007E9437 /* InfoViewCell */ = {
			isa = PBXGroup;
			children = (
				F80EC4CF290AF9B5007E9437 /* MovieInfoTableViewCell.swift */,
			);
			path = InfoViewCell;
			sourceTree = "<group>";
		};
		F80EC4D1290B2496007E9437 /* PosterViewCell */ = {
			isa = PBXGroup;
			children = (
				F80EC4D2290B24B4007E9437 /* PosterMovieTableViewCell.swift */,
			);
			path = PosterViewCell;
			sourceTree = "<group>";
		};
		F80EC4D4290B3005007E9437 /* OverviewCelll */ = {
			isa = PBXGroup;
			children = (
				F80EC4D5290B3022007E9437 /* OverviewTableViewCell.swift */,
			);
			path = OverviewCelll;
			sourceTree = "<group>";
		};
		F80EC4D9290B384C007E9437 /* GenreCell */ = {
			isa = PBXGroup;
			children = (
				F80EC4DA290B386A007E9437 /* GenreTableViewCell.swift */,
			);
			path = GenreCell;
			sourceTree = "<group>";
		};
		F80EC4E4290C03C1007E9437 /* CastCollectionCell */ = {
			isa = PBXGroup;
			children = (
				F80EC4E7290C0785007E9437 /* ActorCollectionViewCell.swift */,
			);
			path = CastCollectionCell;
			sourceTree = "<group>";
		};
		F80EC4EB290C59F2007E9437 /* CastCell */ = {
			isa = PBXGroup;
			children = (
				F80EC4E4290C03C1007E9437 /* CastCollectionCell */,
				F80EC4E5290C03D7007E9437 /* CastTableViewCell.swift */,
			);
			path = CastCell;
			sourceTree = "<group>";
		};
		F8AC24472907417E00639953 = {
			isa = PBXGroup;
			children = (
				F8AC24522907417E00639953 /* Movies_MVVM */,
				F8AC24512907417E00639953 /* Products */,
			);
			sourceTree = "<group>";
		};
		F8AC24512907417E00639953 /* Products */ = {
			isa = PBXGroup;
			children = (
				F8AC24502907417E00639953 /* Movies_MVVM.app */,
			);
			name = Products;
			sourceTree = "<group>";
		};
		F8AC24522907417E00639953 /* Movies_MVVM */ = {
			isa = PBXGroup;
			children = (
				F80EC4B729081C22007E9437 /* Models */,
				F80EC4B12908093E007E9437 /* Helpers */,
				F80EC4AE29080663007E9437 /* Core */,
				F80EC4A82907FD8C007E9437 /* Builder */,
				F8AC246929074CA500639953 /* Modules */,
				F8AC246D29074CF400639953 /* SupportingFiles */,
				F8AC245C2907418000639953 /* Assets.xcassets */,
				F8AC245E2907418000639953 /* LaunchScreen.storyboard */,
				F8AC24612907418000639953 /* Info.plist */,
			);
			path = Movies_MVVM;
			sourceTree = "<group>";
		};
		F8AC246929074CA500639953 /* Modules */ = {
			isa = PBXGroup;
			children = (
				F80EC4AB290803D0007E9437 /* ProfileTab */,
				F8AC246A29074CC200639953 /* MoviesListTab */,
				F80EC4C3290A72BD007E9437 /* MovieDetail */,
			);
			path = Modules;
			sourceTree = "<group>";
		};
		F8AC246A29074CC200639953 /* MoviesListTab */ = {
			isa = PBXGroup;
			children = (
				F80EC4B429081292007E9437 /* Cells */,
				F8AC246C29074CDD00639953 /* Controllers */,
			);
			path = MoviesListTab;
			sourceTree = "<group>";
		};
		F8AC246C29074CDD00639953 /* Controllers */ = {
			isa = PBXGroup;
			children = (
				F8AC24572907417E00639953 /* MovieListViewController.swift */,
			);
			path = Controllers;
			sourceTree = "<group>";
		};
		F8AC246D29074CF400639953 /* SupportingFiles */ = {
			isa = PBXGroup;
			children = (
				F8AC24532907417E00639953 /* AppDelegate.swift */,
				F8AC24552907417E00639953 /* SceneDelegate.swift */,
			);
			path = SupportingFiles;
			sourceTree = "<group>";
		};
/* End PBXGroup section */

/* Begin PBXNativeTarget section */
		F8AC244F2907417E00639953 /* Movies_MVVM */ = {
			isa = PBXNativeTarget;
			buildConfigurationList = F8AC24642907418000639953 /* Build configuration list for PBXNativeTarget "Movies_MVVM" */;
			buildPhases = (
				F8AC244C2907417E00639953 /* Sources */,
				F8AC244D2907417E00639953 /* Frameworks */,
				F8AC244E2907417E00639953 /* Resources */,
				F8AC2468290743D400639953 /* Swiftformat */,
				F8AC2467290741E100639953 /* Swiftlint */,
			);
			buildRules = (
			);
			dependencies = (
			);
			name = Movies_MVVM;
			productName = MovieAggregator;
			productReference = F8AC24502907417E00639953 /* Movies_MVVM.app */;
			productType = "com.apple.product-type.application";
		};
/* End PBXNativeTarget section */

/* Begin PBXProject section */
		F8AC24482907417E00639953 /* Project object */ = {
			isa = PBXProject;
			attributes = {
				BuildIndependentTargetsInParallel = 1;
				LastSwiftUpdateCheck = 1400;
				LastUpgradeCheck = 1400;
				TargetAttributes = {
					F8AC244F2907417E00639953 = {
						CreatedOnToolsVersion = 14.0;
					};
				};
			};
			buildConfigurationList = F8AC244B2907417E00639953 /* Build configuration list for PBXProject "Movies_MVVM" */;
			compatibilityVersion = "Xcode 14.0";
			developmentRegion = en;
			hasScannedForEncodings = 0;
			knownRegions = (
				en,
				Base,
			);
			mainGroup = F8AC24472907417E00639953;
			productRefGroup = F8AC24512907417E00639953 /* Products */;
			projectDirPath = "";
			projectRoot = "";
			targets = (
				F8AC244F2907417E00639953 /* Movies_MVVM */,
			);
		};
/* End PBXProject section */

/* Begin PBXResourcesBuildPhase section */
		F8AC244E2907417E00639953 /* Resources */ = {
			isa = PBXResourcesBuildPhase;
			buildActionMask = 2147483647;
			files = (
				F8AC24602907418000639953 /* LaunchScreen.storyboard in Resources */,
				F8AC245D2907418000639953 /* Assets.xcassets in Resources */,
			);
			runOnlyForDeploymentPostprocessing = 0;
		};
/* End PBXResourcesBuildPhase section */

/* Begin PBXShellScriptBuildPhase section */
		F8AC2467290741E100639953 /* Swiftlint */ = {
			isa = PBXShellScriptBuildPhase;
			alwaysOutOfDate = 1;
			buildActionMask = 2147483647;
			files = (
			);
			inputFileListPaths = (
			);
			inputPaths = (
			);
			name = Swiftlint;
			outputFileListPaths = (
			);
			outputPaths = (
			);
			runOnlyForDeploymentPostprocessing = 0;
			shellPath = /bin/sh;
			shellScript = "export PATH=\"$PATH:/opt/homebrew/bin\"\nif which swiftlint > /dev/null; then\n  swiftlint\nelse\n  echo \"warning: SwiftLint not installed, download from https://github.com/realm/SwiftLint\"\nfi\n";
		};
		F8AC2468290743D400639953 /* Swiftformat */ = {
			isa = PBXShellScriptBuildPhase;
			alwaysOutOfDate = 1;
			buildActionMask = 2147483647;
			files = (
			);
			inputFileListPaths = (
			);
			inputPaths = (
			);
			name = Swiftformat;
			outputFileListPaths = (
			);
			outputPaths = (
			);
			runOnlyForDeploymentPostprocessing = 0;
			shellPath = /bin/sh;
			shellScript = "export PATH=\"$PATH:/opt/homebrew/bin\"\nif which swiftformat >/dev/null; then\n  swiftformat .\nelse\n  echo \"warning: SwiftFormat not installed, download from https://github.com/nicklockwood/SwiftFormat\"\nfi\n";
		};
/* End PBXShellScriptBuildPhase section */

/* Begin PBXSourcesBuildPhase section */
		F8AC244C2907417E00639953 /* Sources */ = {
			isa = PBXSourcesBuildPhase;
			buildActionMask = 2147483647;
			files = (
				F80EC4BE29081D47007E9437 /* NetworkService.swift in Sources */,
				F8AC24582907417E00639953 /* MovieListViewController.swift in Sources */,
				F80EC4E8290C0785007E9437 /* ActorCollectionViewCell.swift in Sources */,
				F80EC4E6290C03D7007E9437 /* CastTableViewCell.swift in Sources */,
				F80EC4B32908094B007E9437 /* Colors.swift in Sources */,
				F80EC4AA2907FDD6007E9437 /* MainTabViewController.swift in Sources */,
				F80EC4DB290B386A007E9437 /* GenreTableViewCell.swift in Sources */,
				F80EC4CC290ABAEA007E9437 /* ImageLoading.swift in Sources */,
				F80EC4C5290A72FD007E9437 /* MovieDetailViewController.swift in Sources */,
				F80EC4EA290C1047007E9437 /* Cast.swift in Sources */,
				F80EC4AD290803F1007E9437 /* FavoriteViewController.swift in Sources */,
				F80EC4B6290812B7007E9437 /* MovieCollectionViewCell.swift in Sources */,
				F80EC4C22909A167007E9437 /* MovieList.swift in Sources */,
				F80EC4D6290B3022007E9437 /* OverviewTableViewCell.swift in Sources */,
				F80EC4D3290B24B4007E9437 /* PosterMovieTableViewCell.swift in Sources */,
				F80EC4E1290BEC8E007E9437 /* MovieDetail.swift in Sources */,
				F80EC4D0290AF9B5007E9437 /* MovieInfoTableViewCell.swift in Sources */,
				F8AC24542907417E00639953 /* AppDelegate.swift in Sources */,
				F8AC24562907417E00639953 /* SceneDelegate.swift in Sources */,
				F80EC4C029082832007E9437 /* PublicConstants.swift in Sources */,
				F80EC4D8290B326B007E9437 /* Fonts.swift in Sources */,
			);
			runOnlyForDeploymentPostprocessing = 0;
		};
/* End PBXSourcesBuildPhase section */

/* Begin PBXVariantGroup section */
		F8AC245E2907418000639953 /* LaunchScreen.storyboard */ = {
			isa = PBXVariantGroup;
			children = (
				F8AC245F2907418000639953 /* Base */,
			);
			name = LaunchScreen.storyboard;
			sourceTree = "<group>";
		};
/* End PBXVariantGroup section */

/* Begin XCBuildConfiguration section */
		F8AC24622907418000639953 /* Debug */ = {
			isa = XCBuildConfiguration;
			buildSettings = {
				ALWAYS_SEARCH_USER_PATHS = NO;
				CLANG_ANALYZER_NONNULL = YES;
				CLANG_ANALYZER_NUMBER_OBJECT_CONVERSION = YES_AGGRESSIVE;
				CLANG_CXX_LANGUAGE_STANDARD = "gnu++20";
				CLANG_ENABLE_MODULES = YES;
				CLANG_ENABLE_OBJC_ARC = YES;
				CLANG_ENABLE_OBJC_WEAK = YES;
				CLANG_WARN_BLOCK_CAPTURE_AUTORELEASING = YES;
				CLANG_WARN_BOOL_CONVERSION = YES;
				CLANG_WARN_COMMA = YES;
				CLANG_WARN_CONSTANT_CONVERSION = YES;
				CLANG_WARN_DEPRECATED_OBJC_IMPLEMENTATIONS = YES;
				CLANG_WARN_DIRECT_OBJC_ISA_USAGE = YES_ERROR;
				CLANG_WARN_DOCUMENTATION_COMMENTS = YES;
				CLANG_WARN_EMPTY_BODY = YES;
				CLANG_WARN_ENUM_CONVERSION = YES;
				CLANG_WARN_INFINITE_RECURSION = YES;
				CLANG_WARN_INT_CONVERSION = YES;
				CLANG_WARN_NON_LITERAL_NULL_CONVERSION = YES;
				CLANG_WARN_OBJC_IMPLICIT_RETAIN_SELF = YES;
				CLANG_WARN_OBJC_LITERAL_CONVERSION = YES;
				CLANG_WARN_OBJC_ROOT_CLASS = YES_ERROR;
				CLANG_WARN_QUOTED_INCLUDE_IN_FRAMEWORK_HEADER = YES;
				CLANG_WARN_RANGE_LOOP_ANALYSIS = YES;
				CLANG_WARN_STRICT_PROTOTYPES = YES;
				CLANG_WARN_SUSPICIOUS_MOVE = YES;
				CLANG_WARN_UNGUARDED_AVAILABILITY = YES_AGGRESSIVE;
				CLANG_WARN_UNREACHABLE_CODE = YES;
				CLANG_WARN__DUPLICATE_METHOD_MATCH = YES;
				COPY_PHASE_STRIP = NO;
				DEBUG_INFORMATION_FORMAT = dwarf;
				ENABLE_STRICT_OBJC_MSGSEND = YES;
				ENABLE_TESTABILITY = YES;
				GCC_C_LANGUAGE_STANDARD = gnu11;
				GCC_DYNAMIC_NO_PIC = NO;
				GCC_NO_COMMON_BLOCKS = YES;
				GCC_OPTIMIZATION_LEVEL = 0;
				GCC_PREPROCESSOR_DEFINITIONS = (
					"DEBUG=1",
					"$(inherited)",
				);
				GCC_WARN_64_TO_32_BIT_CONVERSION = YES;
				GCC_WARN_ABOUT_RETURN_TYPE = YES_ERROR;
				GCC_WARN_UNDECLARED_SELECTOR = YES;
				GCC_WARN_UNINITIALIZED_AUTOS = YES_AGGRESSIVE;
				GCC_WARN_UNUSED_FUNCTION = YES;
				GCC_WARN_UNUSED_VARIABLE = YES;
				IPHONEOS_DEPLOYMENT_TARGET = 16.0;
				MTL_ENABLE_DEBUG_INFO = INCLUDE_SOURCE;
				MTL_FAST_MATH = YES;
				ONLY_ACTIVE_ARCH = YES;
				SDKROOT = iphoneos;
				SWIFT_ACTIVE_COMPILATION_CONDITIONS = DEBUG;
				SWIFT_OPTIMIZATION_LEVEL = "-Onone";
			};
			name = Debug;
		};
		F8AC24632907418000639953 /* Release */ = {
			isa = XCBuildConfiguration;
			buildSettings = {
				ALWAYS_SEARCH_USER_PATHS = NO;
				CLANG_ANALYZER_NONNULL = YES;
				CLANG_ANALYZER_NUMBER_OBJECT_CONVERSION = YES_AGGRESSIVE;
				CLANG_CXX_LANGUAGE_STANDARD = "gnu++20";
				CLANG_ENABLE_MODULES = YES;
				CLANG_ENABLE_OBJC_ARC = YES;
				CLANG_ENABLE_OBJC_WEAK = YES;
				CLANG_WARN_BLOCK_CAPTURE_AUTORELEASING = YES;
				CLANG_WARN_BOOL_CONVERSION = YES;
				CLANG_WARN_COMMA = YES;
				CLANG_WARN_CONSTANT_CONVERSION = YES;
				CLANG_WARN_DEPRECATED_OBJC_IMPLEMENTATIONS = YES;
				CLANG_WARN_DIRECT_OBJC_ISA_USAGE = YES_ERROR;
				CLANG_WARN_DOCUMENTATION_COMMENTS = YES;
				CLANG_WARN_EMPTY_BODY = YES;
				CLANG_WARN_ENUM_CONVERSION = YES;
				CLANG_WARN_INFINITE_RECURSION = YES;
				CLANG_WARN_INT_CONVERSION = YES;
				CLANG_WARN_NON_LITERAL_NULL_CONVERSION = YES;
				CLANG_WARN_OBJC_IMPLICIT_RETAIN_SELF = YES;
				CLANG_WARN_OBJC_LITERAL_CONVERSION = YES;
				CLANG_WARN_OBJC_ROOT_CLASS = YES_ERROR;
				CLANG_WARN_QUOTED_INCLUDE_IN_FRAMEWORK_HEADER = YES;
				CLANG_WARN_RANGE_LOOP_ANALYSIS = YES;
				CLANG_WARN_STRICT_PROTOTYPES = YES;
				CLANG_WARN_SUSPICIOUS_MOVE = YES;
				CLANG_WARN_UNGUARDED_AVAILABILITY = YES_AGGRESSIVE;
				CLANG_WARN_UNREACHABLE_CODE = YES;
				CLANG_WARN__DUPLICATE_METHOD_MATCH = YES;
				COPY_PHASE_STRIP = NO;
				DEBUG_INFORMATION_FORMAT = "dwarf-with-dsym";
				ENABLE_NS_ASSERTIONS = NO;
				ENABLE_STRICT_OBJC_MSGSEND = YES;
				GCC_C_LANGUAGE_STANDARD = gnu11;
				GCC_NO_COMMON_BLOCKS = YES;
				GCC_WARN_64_TO_32_BIT_CONVERSION = YES;
				GCC_WARN_ABOUT_RETURN_TYPE = YES_ERROR;
				GCC_WARN_UNDECLARED_SELECTOR = YES;
				GCC_WARN_UNINITIALIZED_AUTOS = YES_AGGRESSIVE;
				GCC_WARN_UNUSED_FUNCTION = YES;
				GCC_WARN_UNUSED_VARIABLE = YES;
				IPHONEOS_DEPLOYMENT_TARGET = 16.0;
				MTL_ENABLE_DEBUG_INFO = NO;
				MTL_FAST_MATH = YES;
				SDKROOT = iphoneos;
				SWIFT_COMPILATION_MODE = wholemodule;
				SWIFT_OPTIMIZATION_LEVEL = "-O";
				VALIDATE_PRODUCT = YES;
			};
			name = Release;
		};
		F8AC24652907418000639953 /* Debug */ = {
			isa = XCBuildConfiguration;
			buildSettings = {
				ASSETCATALOG_COMPILER_APPICON_NAME = AppIcon;
				ASSETCATALOG_COMPILER_GLOBAL_ACCENT_COLOR_NAME = AccentColor;
				CODE_SIGN_STYLE = Automatic;
				CURRENT_PROJECT_VERSION = 1;
				DEVELOPMENT_TEAM = 23LWN74XLQ;
				GENERATE_INFOPLIST_FILE = YES;
				INFOPLIST_FILE = Movies_MVVM/Info.plist;
				INFOPLIST_KEY_UIApplicationSupportsIndirectInputEvents = YES;
				INFOPLIST_KEY_UILaunchStoryboardName = LaunchScreen;
				INFOPLIST_KEY_UISupportedInterfaceOrientations_iPad = "UIInterfaceOrientationPortrait UIInterfaceOrientationPortraitUpsideDown UIInterfaceOrientationLandscapeLeft UIInterfaceOrientationLandscapeRight";
				INFOPLIST_KEY_UISupportedInterfaceOrientations_iPhone = "UIInterfaceOrientationPortrait UIInterfaceOrientationLandscapeLeft UIInterfaceOrientationLandscapeRight";
				LD_RUNPATH_SEARCH_PATHS = (
					"$(inherited)",
					"@executable_path/Frameworks",
				);
				MARKETING_VERSION = 1.0;
				PRODUCT_BUNDLE_IDENTIFIER = aleksandr.dorofeev.Movies_MVVM;
				PRODUCT_NAME = "$(TARGET_NAME)";
				SWIFT_EMIT_LOC_STRINGS = YES;
				SWIFT_VERSION = 5.0;
				TARGETED_DEVICE_FAMILY = "1,2";
			};
			name = Debug;
		};
		F8AC24662907418000639953 /* Release */ = {
			isa = XCBuildConfiguration;
			buildSettings = {
				ASSETCATALOG_COMPILER_APPICON_NAME = AppIcon;
				ASSETCATALOG_COMPILER_GLOBAL_ACCENT_COLOR_NAME = AccentColor;
				CODE_SIGN_STYLE = Automatic;
				CURRENT_PROJECT_VERSION = 1;
				DEVELOPMENT_TEAM = 23LWN74XLQ;
				GENERATE_INFOPLIST_FILE = YES;
				INFOPLIST_FILE = Movies_MVVM/Info.plist;
				INFOPLIST_KEY_UIApplicationSupportsIndirectInputEvents = YES;
				INFOPLIST_KEY_UILaunchStoryboardName = LaunchScreen;
				INFOPLIST_KEY_UISupportedInterfaceOrientations_iPad = "UIInterfaceOrientationPortrait UIInterfaceOrientationPortraitUpsideDown UIInterfaceOrientationLandscapeLeft UIInterfaceOrientationLandscapeRight";
				INFOPLIST_KEY_UISupportedInterfaceOrientations_iPhone = "UIInterfaceOrientationPortrait UIInterfaceOrientationLandscapeLeft UIInterfaceOrientationLandscapeRight";
				LD_RUNPATH_SEARCH_PATHS = (
					"$(inherited)",
					"@executable_path/Frameworks",
				);
				MARKETING_VERSION = 1.0;
				PRODUCT_BUNDLE_IDENTIFIER = aleksandr.dorofeev.Movies_MVVM;
				PRODUCT_NAME = "$(TARGET_NAME)";
				SWIFT_EMIT_LOC_STRINGS = YES;
				SWIFT_VERSION = 5.0;
				TARGETED_DEVICE_FAMILY = "1,2";
			};
			name = Release;
		};
/* End XCBuildConfiguration section */

/* Begin XCConfigurationList section */
		F8AC244B2907417E00639953 /* Build configuration list for PBXProject "Movies_MVVM" */ = {
			isa = XCConfigurationList;
			buildConfigurations = (
				F8AC24622907418000639953 /* Debug */,
				F8AC24632907418000639953 /* Release */,
			);
			defaultConfigurationIsVisible = 0;
			defaultConfigurationName = Release;
		};
		F8AC24642907418000639953 /* Build configuration list for PBXNativeTarget "Movies_MVVM" */ = {
			isa = XCConfigurationList;
			buildConfigurations = (
				F8AC24652907418000639953 /* Debug */,
				F8AC24662907418000639953 /* Release */,
			);
			defaultConfigurationIsVisible = 0;
			defaultConfigurationName = Release;
		};
/* End XCConfigurationList section */
	};
	rootObject = F8AC24482907417E00639953 /* Project object */;
}
