// !$*UTF8*$!
{
	archiveVersion = 1;
	classes = {
	};
	objectVersion = 56;
	objects = {

/* Begin PBXBuildFile section */
		C66CB2E45D8AB5B6A58EE443 /* Pods_Movies_MVVM.framework in Frameworks */ = {isa = PBXBuildFile; fileRef = A1C09D8F698975653D00BE5E /* Pods_Movies_MVVM.framework */; };
		F80EC4AA2907FDD6007E9437 /* MainTabViewController.swift in Sources */ = {isa = PBXBuildFile; fileRef = F80EC4A92907FDD6007E9437 /* MainTabViewController.swift */; };
		F80EC4AD290803F1007E9437 /* FavoriteViewController.swift in Sources */ = {isa = PBXBuildFile; fileRef = F80EC4AC290803F1007E9437 /* FavoriteViewController.swift */; };
		F80EC4B32908094B007E9437 /* Colors.swift in Sources */ = {isa = PBXBuildFile; fileRef = F80EC4B22908094B007E9437 /* Colors.swift */; };
		F80EC4B6290812B7007E9437 /* MovieCollectionViewCell.swift in Sources */ = {isa = PBXBuildFile; fileRef = F80EC4B5290812B7007E9437 /* MovieCollectionViewCell.swift */; };
		F80EC4BE29081D47007E9437 /* NetworkServiceCore.swift in Sources */ = {isa = PBXBuildFile; fileRef = F80EC4BD29081D47007E9437 /* NetworkServiceCore.swift */; };
		F80EC4C22909A167007E9437 /* Movie.swift in Sources */ = {isa = PBXBuildFile; fileRef = F80EC4C12909A167007E9437 /* Movie.swift */; };
		F80EC4C5290A72FD007E9437 /* MovieDetailViewController.swift in Sources */ = {isa = PBXBuildFile; fileRef = F80EC4C4290A72FD007E9437 /* MovieDetailViewController.swift */; };
		F80EC4D0290AF9B5007E9437 /* MovieInfoTableViewCell.swift in Sources */ = {isa = PBXBuildFile; fileRef = F80EC4CF290AF9B5007E9437 /* MovieInfoTableViewCell.swift */; };
		F80EC4D3290B24B4007E9437 /* PosterMovieTableViewCell.swift in Sources */ = {isa = PBXBuildFile; fileRef = F80EC4D2290B24B4007E9437 /* PosterMovieTableViewCell.swift */; };
		F80EC4D6290B3022007E9437 /* OverviewTableViewCell.swift in Sources */ = {isa = PBXBuildFile; fileRef = F80EC4D5290B3022007E9437 /* OverviewTableViewCell.swift */; };
		F80EC4D8290B326B007E9437 /* Fonts.swift in Sources */ = {isa = PBXBuildFile; fileRef = F80EC4D7290B326B007E9437 /* Fonts.swift */; };
		F80EC4DB290B386A007E9437 /* GenreTableViewCell.swift in Sources */ = {isa = PBXBuildFile; fileRef = F80EC4DA290B386A007E9437 /* GenreTableViewCell.swift */; };
		F80EC4E1290BEC8E007E9437 /* MovieDetail.swift in Sources */ = {isa = PBXBuildFile; fileRef = F80EC4E0290BEC8E007E9437 /* MovieDetail.swift */; };
		F80EC4E6290C03D7007E9437 /* CastTableViewCell.swift in Sources */ = {isa = PBXBuildFile; fileRef = F80EC4E5290C03D7007E9437 /* CastTableViewCell.swift */; };
		F80EC4E8290C0785007E9437 /* ActorCollectionViewCell.swift in Sources */ = {isa = PBXBuildFile; fileRef = F80EC4E7290C0785007E9437 /* ActorCollectionViewCell.swift */; };
		F80EC4EA290C1047007E9437 /* Cast.swift in Sources */ = {isa = PBXBuildFile; fileRef = F80EC4E9290C1047007E9437 /* Cast.swift */; };
		F82545A62994209C00A25431 /* DataService.swift in Sources */ = {isa = PBXBuildFile; fileRef = F82545A52994209C00A25431 /* DataService.swift */; };
		F82545A92994210000A25431 /* MoviesContainer.xcdatamodeld in Sources */ = {isa = PBXBuildFile; fileRef = F82545A72994210000A25431 /* MoviesContainer.xcdatamodeld */; };
		F82545AC29942B0D00A25431 /* DataServiceProtocol.swift in Sources */ = {isa = PBXBuildFile; fileRef = F82545AB29942B0D00A25431 /* DataServiceProtocol.swift */; };
		F82CC2D3299965760084FAA0 /* AssemblyBuilderTests.swift in Sources */ = {isa = PBXBuildFile; fileRef = F82CC2D2299965760084FAA0 /* AssemblyBuilderTests.swift */; };
		F82CC2E0299965840084FAA0 /* Movies_MVVMUITests.swift in Sources */ = {isa = PBXBuildFile; fileRef = F82CC2DF299965840084FAA0 /* Movies_MVVMUITests.swift */; };
		F82CC2EB299965F00084FAA0 /* MockMovie.json in Resources */ = {isa = PBXBuildFile; fileRef = F82CC2E8299965F00084FAA0 /* MockMovie.json */; };
		F82CC2EC299965F00084FAA0 /* MockMovie.json in Resources */ = {isa = PBXBuildFile; fileRef = F82CC2E8299965F00084FAA0 /* MockMovie.json */; };
		F82CC2ED299965F00084FAA0 /* MockMovieDetail.json in Resources */ = {isa = PBXBuildFile; fileRef = F82CC2E9299965F00084FAA0 /* MockMovieDetail.json */; };
		F82CC2EE299965F00084FAA0 /* MockMovieDetail.json in Resources */ = {isa = PBXBuildFile; fileRef = F82CC2E9299965F00084FAA0 /* MockMovieDetail.json */; };
		F82CC2EF299965F00084FAA0 /* MockCast.json in Resources */ = {isa = PBXBuildFile; fileRef = F82CC2EA299965F00084FAA0 /* MockCast.json */; };
		F82CC2F0299965F00084FAA0 /* MockCast.json in Resources */ = {isa = PBXBuildFile; fileRef = F82CC2EA299965F00084FAA0 /* MockCast.json */; };
		F82CC2F62999667E0084FAA0 /* MockNetworkService.swift in Sources */ = {isa = PBXBuildFile; fileRef = F82CC2F52999667E0084FAA0 /* MockNetworkService.swift */; };
		F82CC2F8299966E10084FAA0 /* NetworkServiceCoreProtocol.swift in Sources */ = {isa = PBXBuildFile; fileRef = F82CC2F7299966E10084FAA0 /* NetworkServiceCoreProtocol.swift */; };
		F82CC2FA299967610084FAA0 /* MockKeychainService.swift in Sources */ = {isa = PBXBuildFile; fileRef = F82CC2F9299967610084FAA0 /* MockKeychainService.swift */; };
		F82CC2FC299967C20084FAA0 /* MockImageService.swift in Sources */ = {isa = PBXBuildFile; fileRef = F82CC2FB299967C20084FAA0 /* MockImageService.swift */; };
		F82CC2FE299967E00084FAA0 /* MockImageNetworkService.swift in Sources */ = {isa = PBXBuildFile; fileRef = F82CC2FD299967E00084FAA0 /* MockImageNetworkService.swift */; };
		F82CC300299968440084FAA0 /* DataServiceTests.swift in Sources */ = {isa = PBXBuildFile; fileRef = F82CC2FF299968440084FAA0 /* DataServiceTests.swift */; };
		F82CC302299968650084FAA0 /* MovieListViewModelTests.swift in Sources */ = {isa = PBXBuildFile; fileRef = F82CC301299968650084FAA0 /* MovieListViewModelTests.swift */; };
		F82CC3042999687F0084FAA0 /* MovieDetailViewModelTests.swift in Sources */ = {isa = PBXBuildFile; fileRef = F82CC3032999687F0084FAA0 /* MovieDetailViewModelTests.swift */; };
		F82CC306299968930084FAA0 /* NetworkServiceTests.swift in Sources */ = {isa = PBXBuildFile; fileRef = F82CC305299968930084FAA0 /* NetworkServiceTests.swift */; };
		F82CC308299968AA0084FAA0 /* ImageServiceTests.swift in Sources */ = {isa = PBXBuildFile; fileRef = F82CC307299968AA0084FAA0 /* ImageServiceTests.swift */; };
		F82CC30A299968C80084FAA0 /* ImageNetworkServiceTests.swift in Sources */ = {isa = PBXBuildFile; fileRef = F82CC309299968C80084FAA0 /* ImageNetworkServiceTests.swift */; };
		F866B0C8299588B3002DDCA6 /* LaunchScreen.storyboard in Resources */ = {isa = PBXBuildFile; fileRef = F8AC245E2907418000639953 /* LaunchScreen.storyboard */; };
		F871423C29917EBB003E8801 /* AssemblyModuleBuilderProtocol.swift in Sources */ = {isa = PBXBuildFile; fileRef = F871423B29917EBB003E8801 /* AssemblyModuleBuilderProtocol.swift */; };
		F871423E29917F1B003E8801 /* AssemblyModuleBuilder.swift in Sources */ = {isa = PBXBuildFile; fileRef = F871423D29917F1B003E8801 /* AssemblyModuleBuilder.swift */; };
		F871424229918166003E8801 /* ImageServiceProtocol.swift in Sources */ = {isa = PBXBuildFile; fileRef = F871424129918166003E8801 /* ImageServiceProtocol.swift */; };
		F871424429918173003E8801 /* ProxyProtocol.swift in Sources */ = {isa = PBXBuildFile; fileRef = F871424329918173003E8801 /* ProxyProtocol.swift */; };
		F871424629918188003E8801 /* FileManagerServiceProtocol.swift in Sources */ = {isa = PBXBuildFile; fileRef = F871424529918188003E8801 /* FileManagerServiceProtocol.swift */; };
		F87142482991819D003E8801 /* ImageNetworkServiceProtocol.swift in Sources */ = {isa = PBXBuildFile; fileRef = F87142472991819D003E8801 /* ImageNetworkServiceProtocol.swift */; };
		F871424A299181AE003E8801 /* ImageService.swift in Sources */ = {isa = PBXBuildFile; fileRef = F8714249299181AE003E8801 /* ImageService.swift */; };
		F871424C299181B9003E8801 /* Proxy.swift in Sources */ = {isa = PBXBuildFile; fileRef = F871424B299181B9003E8801 /* Proxy.swift */; };
		F871424E299181C7003E8801 /* FileManagerService.swift in Sources */ = {isa = PBXBuildFile; fileRef = F871424D299181C7003E8801 /* FileManagerService.swift */; };
		F8714250299181D6003E8801 /* ImageNetworkService.swift in Sources */ = {isa = PBXBuildFile; fileRef = F871424F299181D6003E8801 /* ImageNetworkService.swift */; };
		F8714256299186A9003E8801 /* MovieDetailViewModelProtocol.swift in Sources */ = {isa = PBXBuildFile; fileRef = F8714255299186A9003E8801 /* MovieDetailViewModelProtocol.swift */; };
		F871425829918702003E8801 /* MovieDetailViewModel.swift in Sources */ = {isa = PBXBuildFile; fileRef = F871425729918702003E8801 /* MovieDetailViewModel.swift */; };
		F871425A29918717003E8801 /* MovieListViewModelProtocol.swift in Sources */ = {isa = PBXBuildFile; fileRef = F871425929918717003E8801 /* MovieListViewModelProtocol.swift */; };
		F871425C29918741003E8801 /* MovieListViewModel.swift in Sources */ = {isa = PBXBuildFile; fileRef = F871425B29918741003E8801 /* MovieListViewModel.swift */; };
		F871425F2991879D003E8801 /* NetworkServiceProtocol.swift in Sources */ = {isa = PBXBuildFile; fileRef = F871425E2991879D003E8801 /* NetworkServiceProtocol.swift */; };
		F8714261299192F2003E8801 /* NetworkService.swift in Sources */ = {isa = PBXBuildFile; fileRef = F8714260299192F2003E8801 /* NetworkService.swift */; };
		F871426429919E33003E8801 /* MovieResult.swift in Sources */ = {isa = PBXBuildFile; fileRef = F871426329919E33003E8801 /* MovieResult.swift */; };
		F871426829919E5D003E8801 /* CastResult.swift in Sources */ = {isa = PBXBuildFile; fileRef = F871426729919E5D003E8801 /* CastResult.swift */; };
		F871426B2991B131003E8801 /* BaseCoordinator.swift in Sources */ = {isa = PBXBuildFile; fileRef = F871426A2991B131003E8801 /* BaseCoordinator.swift */; };
		F871426D2991B171003E8801 /* ApplicationCoordinator.swift in Sources */ = {isa = PBXBuildFile; fileRef = F871426C2991B171003E8801 /* ApplicationCoordinator.swift */; };
		F871426F2991B1EE003E8801 /* MovieListCoordinator.swift in Sources */ = {isa = PBXBuildFile; fileRef = F871426E2991B1EE003E8801 /* MovieListCoordinator.swift */; };
		F87142752992D6EA003E8801 /* ViewController+Extension.swift in Sources */ = {isa = PBXBuildFile; fileRef = F87142742992D6EA003E8801 /* ViewController+Extension.swift */; };
		F87142772992D830003E8801 /* Handlers.swift in Sources */ = {isa = PBXBuildFile; fileRef = F87142762992D830003E8801 /* Handlers.swift */; };
		F871427A2992E79B003E8801 /* MovieListState.swift in Sources */ = {isa = PBXBuildFile; fileRef = F87142792992E79B003E8801 /* MovieListState.swift */; };
		F8A667FD2995AB39000C2135 /* KeychainServiceProtocol.swift in Sources */ = {isa = PBXBuildFile; fileRef = F8A667FC2995AB39000C2135 /* KeychainServiceProtocol.swift */; };
		F8A667FF2995AB50000C2135 /* KeychainService.swift in Sources */ = {isa = PBXBuildFile; fileRef = F8A667FE2995AB50000C2135 /* KeychainService.swift */; };
		F8AC24542907417E00639953 /* AppDelegate.swift in Sources */ = {isa = PBXBuildFile; fileRef = F8AC24532907417E00639953 /* AppDelegate.swift */; };
		F8AC24562907417E00639953 /* SceneDelegate.swift in Sources */ = {isa = PBXBuildFile; fileRef = F8AC24552907417E00639953 /* SceneDelegate.swift */; };
		F8AC24582907417E00639953 /* MovieListViewController.swift in Sources */ = {isa = PBXBuildFile; fileRef = F8AC24572907417E00639953 /* MovieListViewController.swift */; };
		F8AC245D2907418000639953 /* Assets.xcassets in Resources */ = {isa = PBXBuildFile; fileRef = F8AC245C2907418000639953 /* Assets.xcassets */; };
		F8F28A1A2995524800527D96 /* DataCore.swift in Sources */ = {isa = PBXBuildFile; fileRef = F8F28A192995524800527D96 /* DataCore.swift */; };
/* End PBXBuildFile section */

/* Begin PBXContainerItemProxy section */
		F82CC2D4299965760084FAA0 /* PBXContainerItemProxy */ = {
			isa = PBXContainerItemProxy;
			containerPortal = F8AC24482907417E00639953 /* Project object */;
			proxyType = 1;
			remoteGlobalIDString = F8AC244F2907417E00639953;
			remoteInfo = Movies_MVVM;
		};
		F82CC2E3299965840084FAA0 /* PBXContainerItemProxy */ = {
			isa = PBXContainerItemProxy;
			containerPortal = F8AC24482907417E00639953 /* Project object */;
			proxyType = 1;
			remoteGlobalIDString = F8AC244F2907417E00639953;
			remoteInfo = Movies_MVVM;
		};
/* End PBXContainerItemProxy section */

/* Begin PBXFileReference section */
		4B83F582B8E9380F893FBD0F /* Pods-Movies_MVVM.debug.xcconfig */ = {isa = PBXFileReference; includeInIndex = 1; lastKnownFileType = text.xcconfig; name = "Pods-Movies_MVVM.debug.xcconfig"; path = "Target Support Files/Pods-Movies_MVVM/Pods-Movies_MVVM.debug.xcconfig"; sourceTree = "<group>"; };
		6A77ADE6FEAF61DFBD0AB22C /* Pods-Movies_MVVM.release.xcconfig */ = {isa = PBXFileReference; includeInIndex = 1; lastKnownFileType = text.xcconfig; name = "Pods-Movies_MVVM.release.xcconfig"; path = "Target Support Files/Pods-Movies_MVVM/Pods-Movies_MVVM.release.xcconfig"; sourceTree = "<group>"; };
		A1C09D8F698975653D00BE5E /* Pods_Movies_MVVM.framework */ = {isa = PBXFileReference; explicitFileType = wrapper.framework; includeInIndex = 0; path = Pods_Movies_MVVM.framework; sourceTree = BUILT_PRODUCTS_DIR; };
		F80EC4A92907FDD6007E9437 /* MainTabViewController.swift */ = {isa = PBXFileReference; lastKnownFileType = sourcecode.swift; path = MainTabViewController.swift; sourceTree = "<group>"; };
		F80EC4AC290803F1007E9437 /* FavoriteViewController.swift */ = {isa = PBXFileReference; lastKnownFileType = sourcecode.swift; path = FavoriteViewController.swift; sourceTree = "<group>"; };
		F80EC4B22908094B007E9437 /* Colors.swift */ = {isa = PBXFileReference; lastKnownFileType = sourcecode.swift; path = Colors.swift; sourceTree = "<group>"; };
		F80EC4B5290812B7007E9437 /* MovieCollectionViewCell.swift */ = {isa = PBXFileReference; lastKnownFileType = sourcecode.swift; path = MovieCollectionViewCell.swift; sourceTree = "<group>"; };
		F80EC4BD29081D47007E9437 /* NetworkServiceCore.swift */ = {isa = PBXFileReference; lastKnownFileType = sourcecode.swift; path = NetworkServiceCore.swift; sourceTree = "<group>"; };
		F80EC4C12909A167007E9437 /* Movie.swift */ = {isa = PBXFileReference; lastKnownFileType = sourcecode.swift; path = Movie.swift; sourceTree = "<group>"; };
		F80EC4C4290A72FD007E9437 /* MovieDetailViewController.swift */ = {isa = PBXFileReference; lastKnownFileType = sourcecode.swift; path = MovieDetailViewController.swift; sourceTree = "<group>"; };
		F80EC4CF290AF9B5007E9437 /* MovieInfoTableViewCell.swift */ = {isa = PBXFileReference; lastKnownFileType = sourcecode.swift; path = MovieInfoTableViewCell.swift; sourceTree = "<group>"; };
		F80EC4D2290B24B4007E9437 /* PosterMovieTableViewCell.swift */ = {isa = PBXFileReference; lastKnownFileType = sourcecode.swift; path = PosterMovieTableViewCell.swift; sourceTree = "<group>"; };
		F80EC4D5290B3022007E9437 /* OverviewTableViewCell.swift */ = {isa = PBXFileReference; lastKnownFileType = sourcecode.swift; path = OverviewTableViewCell.swift; sourceTree = "<group>"; };
		F80EC4D7290B326B007E9437 /* Fonts.swift */ = {isa = PBXFileReference; lastKnownFileType = sourcecode.swift; path = Fonts.swift; sourceTree = "<group>"; };
		F80EC4DA290B386A007E9437 /* GenreTableViewCell.swift */ = {isa = PBXFileReference; lastKnownFileType = sourcecode.swift; path = GenreTableViewCell.swift; sourceTree = "<group>"; };
		F80EC4E0290BEC8E007E9437 /* MovieDetail.swift */ = {isa = PBXFileReference; lastKnownFileType = sourcecode.swift; path = MovieDetail.swift; sourceTree = "<group>"; };
		F80EC4E5290C03D7007E9437 /* CastTableViewCell.swift */ = {isa = PBXFileReference; lastKnownFileType = sourcecode.swift; path = CastTableViewCell.swift; sourceTree = "<group>"; };
		F80EC4E7290C0785007E9437 /* ActorCollectionViewCell.swift */ = {isa = PBXFileReference; lastKnownFileType = sourcecode.swift; path = ActorCollectionViewCell.swift; sourceTree = "<group>"; };
		F80EC4E9290C1047007E9437 /* Cast.swift */ = {isa = PBXFileReference; lastKnownFileType = sourcecode.swift; path = Cast.swift; sourceTree = "<group>"; };
		F82545A52994209C00A25431 /* DataService.swift */ = {isa = PBXFileReference; lastKnownFileType = sourcecode.swift; path = DataService.swift; sourceTree = "<group>"; };
		F82545A82994210000A25431 /* MoviesContainer.xcdatamodel */ = {isa = PBXFileReference; lastKnownFileType = wrapper.xcdatamodel; path = MoviesContainer.xcdatamodel; sourceTree = "<group>"; };
		F82545AB29942B0D00A25431 /* DataServiceProtocol.swift */ = {isa = PBXFileReference; lastKnownFileType = sourcecode.swift; path = DataServiceProtocol.swift; sourceTree = "<group>"; };
		F82CC2D0299965760084FAA0 /* Movies_MVVMTests.xctest */ = {isa = PBXFileReference; explicitFileType = wrapper.cfbundle; includeInIndex = 0; path = Movies_MVVMTests.xctest; sourceTree = BUILT_PRODUCTS_DIR; };
		F82CC2D2299965760084FAA0 /* AssemblyBuilderTests.swift */ = {isa = PBXFileReference; lastKnownFileType = sourcecode.swift; path = AssemblyBuilderTests.swift; sourceTree = "<group>"; };
		F82CC2DD299965840084FAA0 /* Movies_MVVMUITests.xctest */ = {isa = PBXFileReference; explicitFileType = wrapper.cfbundle; includeInIndex = 0; path = Movies_MVVMUITests.xctest; sourceTree = BUILT_PRODUCTS_DIR; };
		F82CC2DF299965840084FAA0 /* Movies_MVVMUITests.swift */ = {isa = PBXFileReference; lastKnownFileType = sourcecode.swift; path = Movies_MVVMUITests.swift; sourceTree = "<group>"; };
		F82CC2E8299965F00084FAA0 /* MockMovie.json */ = {isa = PBXFileReference; fileEncoding = 4; lastKnownFileType = text.json; path = MockMovie.json; sourceTree = "<group>"; };
		F82CC2E9299965F00084FAA0 /* MockMovieDetail.json */ = {isa = PBXFileReference; fileEncoding = 4; lastKnownFileType = text.json; path = MockMovieDetail.json; sourceTree = "<group>"; };
		F82CC2EA299965F00084FAA0 /* MockCast.json */ = {isa = PBXFileReference; fileEncoding = 4; lastKnownFileType = text.json; path = MockCast.json; sourceTree = "<group>"; };
		F82CC2F52999667E0084FAA0 /* MockNetworkService.swift */ = {isa = PBXFileReference; lastKnownFileType = sourcecode.swift; path = MockNetworkService.swift; sourceTree = "<group>"; };
		F82CC2F7299966E10084FAA0 /* NetworkServiceCoreProtocol.swift */ = {isa = PBXFileReference; lastKnownFileType = sourcecode.swift; path = NetworkServiceCoreProtocol.swift; sourceTree = "<group>"; };
		F82CC2F9299967610084FAA0 /* MockKeychainService.swift */ = {isa = PBXFileReference; lastKnownFileType = sourcecode.swift; path = MockKeychainService.swift; sourceTree = "<group>"; };
		F82CC2FB299967C20084FAA0 /* MockImageService.swift */ = {isa = PBXFileReference; lastKnownFileType = sourcecode.swift; path = MockImageService.swift; sourceTree = "<group>"; };
		F82CC2FD299967E00084FAA0 /* MockImageNetworkService.swift */ = {isa = PBXFileReference; lastKnownFileType = sourcecode.swift; path = MockImageNetworkService.swift; sourceTree = "<group>"; };
		F82CC2FF299968440084FAA0 /* DataServiceTests.swift */ = {isa = PBXFileReference; lastKnownFileType = sourcecode.swift; path = DataServiceTests.swift; sourceTree = "<group>"; };
		F82CC301299968650084FAA0 /* MovieListViewModelTests.swift */ = {isa = PBXFileReference; lastKnownFileType = sourcecode.swift; path = MovieListViewModelTests.swift; sourceTree = "<group>"; };
		F82CC3032999687F0084FAA0 /* MovieDetailViewModelTests.swift */ = {isa = PBXFileReference; lastKnownFileType = sourcecode.swift; path = MovieDetailViewModelTests.swift; sourceTree = "<group>"; };
		F82CC305299968930084FAA0 /* NetworkServiceTests.swift */ = {isa = PBXFileReference; lastKnownFileType = sourcecode.swift; path = NetworkServiceTests.swift; sourceTree = "<group>"; };
		F82CC307299968AA0084FAA0 /* ImageServiceTests.swift */ = {isa = PBXFileReference; lastKnownFileType = sourcecode.swift; path = ImageServiceTests.swift; sourceTree = "<group>"; };
		F82CC309299968C80084FAA0 /* ImageNetworkServiceTests.swift */ = {isa = PBXFileReference; lastKnownFileType = sourcecode.swift; path = ImageNetworkServiceTests.swift; sourceTree = "<group>"; };
		F871423B29917EBB003E8801 /* AssemblyModuleBuilderProtocol.swift */ = {isa = PBXFileReference; lastKnownFileType = sourcecode.swift; path = AssemblyModuleBuilderProtocol.swift; sourceTree = "<group>"; };
		F871423D29917F1B003E8801 /* AssemblyModuleBuilder.swift */ = {isa = PBXFileReference; lastKnownFileType = sourcecode.swift; path = AssemblyModuleBuilder.swift; sourceTree = "<group>"; };
		F871424129918166003E8801 /* ImageServiceProtocol.swift */ = {isa = PBXFileReference; lastKnownFileType = sourcecode.swift; path = ImageServiceProtocol.swift; sourceTree = "<group>"; };
		F871424329918173003E8801 /* ProxyProtocol.swift */ = {isa = PBXFileReference; lastKnownFileType = sourcecode.swift; path = ProxyProtocol.swift; sourceTree = "<group>"; };
		F871424529918188003E8801 /* FileManagerServiceProtocol.swift */ = {isa = PBXFileReference; lastKnownFileType = sourcecode.swift; path = FileManagerServiceProtocol.swift; sourceTree = "<group>"; };
		F87142472991819D003E8801 /* ImageNetworkServiceProtocol.swift */ = {isa = PBXFileReference; lastKnownFileType = sourcecode.swift; path = ImageNetworkServiceProtocol.swift; sourceTree = "<group>"; };
		F8714249299181AE003E8801 /* ImageService.swift */ = {isa = PBXFileReference; lastKnownFileType = sourcecode.swift; path = ImageService.swift; sourceTree = "<group>"; };
		F871424B299181B9003E8801 /* Proxy.swift */ = {isa = PBXFileReference; lastKnownFileType = sourcecode.swift; path = Proxy.swift; sourceTree = "<group>"; };
		F871424D299181C7003E8801 /* FileManagerService.swift */ = {isa = PBXFileReference; lastKnownFileType = sourcecode.swift; path = FileManagerService.swift; sourceTree = "<group>"; };
		F871424F299181D6003E8801 /* ImageNetworkService.swift */ = {isa = PBXFileReference; lastKnownFileType = sourcecode.swift; path = ImageNetworkService.swift; sourceTree = "<group>"; };
		F8714255299186A9003E8801 /* MovieDetailViewModelProtocol.swift */ = {isa = PBXFileReference; lastKnownFileType = sourcecode.swift; path = MovieDetailViewModelProtocol.swift; sourceTree = "<group>"; };
		F871425729918702003E8801 /* MovieDetailViewModel.swift */ = {isa = PBXFileReference; lastKnownFileType = sourcecode.swift; path = MovieDetailViewModel.swift; sourceTree = "<group>"; };
		F871425929918717003E8801 /* MovieListViewModelProtocol.swift */ = {isa = PBXFileReference; lastKnownFileType = sourcecode.swift; path = MovieListViewModelProtocol.swift; sourceTree = "<group>"; };
		F871425B29918741003E8801 /* MovieListViewModel.swift */ = {isa = PBXFileReference; lastKnownFileType = sourcecode.swift; path = MovieListViewModel.swift; sourceTree = "<group>"; };
		F871425E2991879D003E8801 /* NetworkServiceProtocol.swift */ = {isa = PBXFileReference; lastKnownFileType = sourcecode.swift; path = NetworkServiceProtocol.swift; sourceTree = "<group>"; };
		F8714260299192F2003E8801 /* NetworkService.swift */ = {isa = PBXFileReference; lastKnownFileType = sourcecode.swift; path = NetworkService.swift; sourceTree = "<group>"; };
		F871426329919E33003E8801 /* MovieResult.swift */ = {isa = PBXFileReference; lastKnownFileType = sourcecode.swift; path = MovieResult.swift; sourceTree = "<group>"; };
		F871426729919E5D003E8801 /* CastResult.swift */ = {isa = PBXFileReference; lastKnownFileType = sourcecode.swift; path = CastResult.swift; sourceTree = "<group>"; };
		F871426A2991B131003E8801 /* BaseCoordinator.swift */ = {isa = PBXFileReference; lastKnownFileType = sourcecode.swift; path = BaseCoordinator.swift; sourceTree = "<group>"; };
		F871426C2991B171003E8801 /* ApplicationCoordinator.swift */ = {isa = PBXFileReference; lastKnownFileType = sourcecode.swift; path = ApplicationCoordinator.swift; sourceTree = "<group>"; };
		F871426E2991B1EE003E8801 /* MovieListCoordinator.swift */ = {isa = PBXFileReference; lastKnownFileType = sourcecode.swift; path = MovieListCoordinator.swift; sourceTree = "<group>"; };
		F87142742992D6EA003E8801 /* ViewController+Extension.swift */ = {isa = PBXFileReference; lastKnownFileType = sourcecode.swift; path = "ViewController+Extension.swift"; sourceTree = "<group>"; };
		F87142762992D830003E8801 /* Handlers.swift */ = {isa = PBXFileReference; lastKnownFileType = sourcecode.swift; path = Handlers.swift; sourceTree = "<group>"; };
		F87142792992E79B003E8801 /* MovieListState.swift */ = {isa = PBXFileReference; lastKnownFileType = sourcecode.swift; path = MovieListState.swift; sourceTree = "<group>"; };
		F8A667F42995AA23000C2135 /* MovieData+CoreDataClass.swift */ = {isa = PBXFileReference; lastKnownFileType = sourcecode.swift; path = "MovieData+CoreDataClass.swift"; sourceTree = "<group>"; };
		F8A667F52995AA23000C2135 /* MovieData+CoreDataProperties.swift */ = {isa = PBXFileReference; lastKnownFileType = sourcecode.swift; path = "MovieData+CoreDataProperties.swift"; sourceTree = "<group>"; };
		F8A667F62995AA23000C2135 /* GenreData+CoreDataClass.swift */ = {isa = PBXFileReference; lastKnownFileType = sourcecode.swift; path = "GenreData+CoreDataClass.swift"; sourceTree = "<group>"; };
		F8A667F72995AA23000C2135 /* GenreData+CoreDataProperties.swift */ = {isa = PBXFileReference; lastKnownFileType = sourcecode.swift; path = "GenreData+CoreDataProperties.swift"; sourceTree = "<group>"; };
		F8A667F82995AA23000C2135 /* MovieDetailData+CoreDataClass.swift */ = {isa = PBXFileReference; lastKnownFileType = sourcecode.swift; path = "MovieDetailData+CoreDataClass.swift"; sourceTree = "<group>"; };
		F8A667F92995AA23000C2135 /* MovieDetailData+CoreDataProperties.swift */ = {isa = PBXFileReference; lastKnownFileType = sourcecode.swift; path = "MovieDetailData+CoreDataProperties.swift"; sourceTree = "<group>"; };
		F8A667FC2995AB39000C2135 /* KeychainServiceProtocol.swift */ = {isa = PBXFileReference; lastKnownFileType = sourcecode.swift; path = KeychainServiceProtocol.swift; sourceTree = "<group>"; };
		F8A667FE2995AB50000C2135 /* KeychainService.swift */ = {isa = PBXFileReference; lastKnownFileType = sourcecode.swift; path = KeychainService.swift; sourceTree = "<group>"; };
		F8AC24502907417E00639953 /* Movies_MVVM.app */ = {isa = PBXFileReference; explicitFileType = wrapper.application; includeInIndex = 0; path = Movies_MVVM.app; sourceTree = BUILT_PRODUCTS_DIR; };
		F8AC24532907417E00639953 /* AppDelegate.swift */ = {isa = PBXFileReference; lastKnownFileType = sourcecode.swift; path = AppDelegate.swift; sourceTree = "<group>"; };
		F8AC24552907417E00639953 /* SceneDelegate.swift */ = {isa = PBXFileReference; lastKnownFileType = sourcecode.swift; path = SceneDelegate.swift; sourceTree = "<group>"; };
		F8AC24572907417E00639953 /* MovieListViewController.swift */ = {isa = PBXFileReference; lastKnownFileType = sourcecode.swift; path = MovieListViewController.swift; sourceTree = "<group>"; };
		F8AC245C2907418000639953 /* Assets.xcassets */ = {isa = PBXFileReference; lastKnownFileType = folder.assetcatalog; path = Assets.xcassets; sourceTree = "<group>"; };
		F8AC245F2907418000639953 /* Base */ = {isa = PBXFileReference; lastKnownFileType = file.storyboard; name = Base; path = Base.lproj/LaunchScreen.storyboard; sourceTree = "<group>"; };
		F8AC24612907418000639953 /* Info.plist */ = {isa = PBXFileReference; lastKnownFileType = text.plist.xml; path = Info.plist; sourceTree = "<group>"; };
		F8F28A192995524800527D96 /* DataCore.swift */ = {isa = PBXFileReference; lastKnownFileType = sourcecode.swift; path = DataCore.swift; sourceTree = "<group>"; };
/* End PBXFileReference section */

/* Begin PBXFrameworksBuildPhase section */
		F82CC2CD299965760084FAA0 /* Frameworks */ = {
			isa = PBXFrameworksBuildPhase;
			buildActionMask = 2147483647;
			files = (
			);
			runOnlyForDeploymentPostprocessing = 0;
		};
		F82CC2DA299965840084FAA0 /* Frameworks */ = {
			isa = PBXFrameworksBuildPhase;
			buildActionMask = 2147483647;
			files = (
			);
			runOnlyForDeploymentPostprocessing = 0;
		};
		F8AC244D2907417E00639953 /* Frameworks */ = {
			isa = PBXFrameworksBuildPhase;
			buildActionMask = 2147483647;
			files = (
				C66CB2E45D8AB5B6A58EE443 /* Pods_Movies_MVVM.framework in Frameworks */,
			);
			runOnlyForDeploymentPostprocessing = 0;
		};
/* End PBXFrameworksBuildPhase section */

/* Begin PBXGroup section */
		F472AE3FEF7E845191E42E4A /* Frameworks */ = {
			isa = PBXGroup;
			children = (
				A1C09D8F698975653D00BE5E /* Pods_Movies_MVVM.framework */,
			);
			name = Frameworks;
			sourceTree = "<group>";
		};
		F80EC4AB290803D0007E9437 /* ProfileTab */ = {
			isa = PBXGroup;
			children = (
				F80EC4B029080741007E9437 /* View */,
			);
			path = ProfileTab;
			sourceTree = "<group>";
		};
		F80EC4AE29080663007E9437 /* Core */ = {
			isa = PBXGroup;
			children = (
				F8A667FA2995AB1B000C2135 /* KeychainService */,
				F82545A129941E5400A25431 /* DataService */,
				F87142692991B117003E8801 /* Coordinator */,
				F871423F2991813F003E8801 /* ImageService */,
				F871423929917E91003E8801 /* Builder */,
				F80EC4AF2908066D007E9437 /* NetworkService */,
			);
			path = Core;
			sourceTree = "<group>";
		};
		F80EC4AF2908066D007E9437 /* NetworkService */ = {
			isa = PBXGroup;
			children = (
				F871425D2991878C003E8801 /* Protocols */,
				F80EC4BD29081D47007E9437 /* NetworkServiceCore.swift */,
				F8714260299192F2003E8801 /* NetworkService.swift */,
			);
			path = NetworkService;
			sourceTree = "<group>";
		};
		F80EC4B029080741007E9437 /* View */ = {
			isa = PBXGroup;
			children = (
				F80EC4AC290803F1007E9437 /* FavoriteViewController.swift */,
			);
			path = View;
			sourceTree = "<group>";
		};
		F80EC4B12908093E007E9437 /* Helpers */ = {
			isa = PBXGroup;
			children = (
				F80EC4B22908094B007E9437 /* Colors.swift */,
				F80EC4D7290B326B007E9437 /* Fonts.swift */,
				F87142762992D830003E8801 /* Handlers.swift */,
			);
			path = Helpers;
			sourceTree = "<group>";
		};
		F80EC4B429081292007E9437 /* Cells */ = {
			isa = PBXGroup;
			children = (
				F80EC4B5290812B7007E9437 /* MovieCollectionViewCell.swift */,
			);
			path = Cells;
			sourceTree = "<group>";
		};
		F80EC4B729081C22007E9437 /* Models */ = {
			isa = PBXGroup;
			children = (
				F871426629919E43003E8801 /* MovieDetail */,
				F871426529919E39003E8801 /* Cast */,
				F871426229919E13003E8801 /* Movies */,
			);
			path = Models;
			sourceTree = "<group>";
		};
		F80EC4C3290A72BD007E9437 /* MovieDetailTab */ = {
			isa = PBXGroup;
			children = (
				F871425229918641003E8801 /* ViewModel */,
				F80EC4C9290A874B007E9437 /* View */,
			);
			path = MovieDetailTab;
			sourceTree = "<group>";
		};
		F80EC4C9290A874B007E9437 /* View */ = {
			isa = PBXGroup;
			children = (
				F80EC4CD290AF981007E9437 /* Cells */,
				F80EC4C4290A72FD007E9437 /* MovieDetailViewController.swift */,
			);
			path = View;
			sourceTree = "<group>";
		};
		F80EC4CD290AF981007E9437 /* Cells */ = {
			isa = PBXGroup;
			children = (
				F80EC4EB290C59F2007E9437 /* CastCell */,
				F80EC4D9290B384C007E9437 /* GenreCell */,
				F80EC4D4290B3005007E9437 /* OverviewCelll */,
				F80EC4D1290B2496007E9437 /* PosterViewCell */,
				F80EC4CE290AF98F007E9437 /* InfoViewCell */,
			);
			path = Cells;
			sourceTree = "<group>";
		};
		F80EC4CE290AF98F007E9437 /* InfoViewCell */ = {
			isa = PBXGroup;
			children = (
				F80EC4CF290AF9B5007E9437 /* MovieInfoTableViewCell.swift */,
			);
			path = InfoViewCell;
			sourceTree = "<group>";
		};
		F80EC4D1290B2496007E9437 /* PosterViewCell */ = {
			isa = PBXGroup;
			children = (
				F80EC4D2290B24B4007E9437 /* PosterMovieTableViewCell.swift */,
			);
			path = PosterViewCell;
			sourceTree = "<group>";
		};
		F80EC4D4290B3005007E9437 /* OverviewCelll */ = {
			isa = PBXGroup;
			children = (
				F80EC4D5290B3022007E9437 /* OverviewTableViewCell.swift */,
			);
			path = OverviewCelll;
			sourceTree = "<group>";
		};
		F80EC4D9290B384C007E9437 /* GenreCell */ = {
			isa = PBXGroup;
			children = (
				F80EC4DA290B386A007E9437 /* GenreTableViewCell.swift */,
			);
			path = GenreCell;
			sourceTree = "<group>";
		};
		F80EC4E4290C03C1007E9437 /* CastCollectionCell */ = {
			isa = PBXGroup;
			children = (
				F80EC4E7290C0785007E9437 /* ActorCollectionViewCell.swift */,
			);
			path = CastCollectionCell;
			sourceTree = "<group>";
		};
		F80EC4EB290C59F2007E9437 /* CastCell */ = {
			isa = PBXGroup;
			children = (
				F80EC4E4290C03C1007E9437 /* CastCollectionCell */,
				F80EC4E5290C03D7007E9437 /* CastTableViewCell.swift */,
			);
			path = CastCell;
			sourceTree = "<group>";
		};
		F82545A129941E5400A25431 /* DataService */ = {
			isa = PBXGroup;
			children = (
				F82545AA29942AFA00A25431 /* Protocols */,
				F82545A52994209C00A25431 /* DataService.swift */,
				F8F28A192995524800527D96 /* DataCore.swift */,
				F82545A72994210000A25431 /* MoviesContainer.xcdatamodeld */,
			);
			path = DataService;
			sourceTree = "<group>";
		};
		F82545AA29942AFA00A25431 /* Protocols */ = {
			isa = PBXGroup;
			children = (
				F82545AB29942B0D00A25431 /* DataServiceProtocol.swift */,
			);
			path = Protocols;
			sourceTree = "<group>";
		};
		F82CC2D1299965760084FAA0 /* Movies_MVVMTests */ = {
			isa = PBXGroup;
			children = (
				F82CC2F1299966260084FAA0 /* Mocks */,
				F82CC2D2299965760084FAA0 /* AssemblyBuilderTests.swift */,
				F82CC305299968930084FAA0 /* NetworkServiceTests.swift */,
				F82CC3032999687F0084FAA0 /* MovieDetailViewModelTests.swift */,
				F82CC309299968C80084FAA0 /* ImageNetworkServiceTests.swift */,
				F82CC307299968AA0084FAA0 /* ImageServiceTests.swift */,
				F82CC301299968650084FAA0 /* MovieListViewModelTests.swift */,
				F82CC2FF299968440084FAA0 /* DataServiceTests.swift */,
			);
			path = Movies_MVVMTests;
			sourceTree = "<group>";
		};
		F82CC2DE299965840084FAA0 /* Movies_MVVMUITests */ = {
			isa = PBXGroup;
			children = (
				F82CC2DF299965840084FAA0 /* Movies_MVVMUITests.swift */,
			);
			path = Movies_MVVMUITests;
			sourceTree = "<group>";
		};
		F82CC2F1299966260084FAA0 /* Mocks */ = {
			isa = PBXGroup;
			children = (
				F82CC2F52999667E0084FAA0 /* MockNetworkService.swift */,
				F82CC2F9299967610084FAA0 /* MockKeychainService.swift */,
				F82CC2FB299967C20084FAA0 /* MockImageService.swift */,
				F82CC2FD299967E00084FAA0 /* MockImageNetworkService.swift */,
			);
			path = Mocks;
			sourceTree = "<group>";
		};
		F871423929917E91003E8801 /* Builder */ = {
			isa = PBXGroup;
			children = (
				F871423A29917E9B003E8801 /* Protocols */,
				F80EC4A92907FDD6007E9437 /* MainTabViewController.swift */,
				F871423D29917F1B003E8801 /* AssemblyModuleBuilder.swift */,
			);
			path = Builder;
			sourceTree = "<group>";
		};
		F871423A29917E9B003E8801 /* Protocols */ = {
			isa = PBXGroup;
			children = (
				F871423B29917EBB003E8801 /* AssemblyModuleBuilderProtocol.swift */,
			);
			path = Protocols;
			sourceTree = "<group>";
		};
		F871423F2991813F003E8801 /* ImageService */ = {
			isa = PBXGroup;
			children = (
				F87142402991814F003E8801 /* Protocols */,
				F8714249299181AE003E8801 /* ImageService.swift */,
				F871424B299181B9003E8801 /* Proxy.swift */,
				F871424D299181C7003E8801 /* FileManagerService.swift */,
				F871424F299181D6003E8801 /* ImageNetworkService.swift */,
			);
			path = ImageService;
			sourceTree = "<group>";
		};
		F87142402991814F003E8801 /* Protocols */ = {
			isa = PBXGroup;
			children = (
				F871424129918166003E8801 /* ImageServiceProtocol.swift */,
				F871424329918173003E8801 /* ProxyProtocol.swift */,
				F871424529918188003E8801 /* FileManagerServiceProtocol.swift */,
				F87142472991819D003E8801 /* ImageNetworkServiceProtocol.swift */,
			);
			path = Protocols;
			sourceTree = "<group>";
		};
		F871425129918631003E8801 /* ViewModel */ = {
			isa = PBXGroup;
			children = (
				F871425329918686003E8801 /* Protocols */,
				F871425B29918741003E8801 /* MovieListViewModel.swift */,
			);
			path = ViewModel;
			sourceTree = "<group>";
		};
		F871425229918641003E8801 /* ViewModel */ = {
			isa = PBXGroup;
			children = (
				F87142542991868E003E8801 /* Protocols */,
				F871425729918702003E8801 /* MovieDetailViewModel.swift */,
			);
			path = ViewModel;
			sourceTree = "<group>";
		};
		F871425329918686003E8801 /* Protocols */ = {
			isa = PBXGroup;
			children = (
				F871425929918717003E8801 /* MovieListViewModelProtocol.swift */,
			);
			path = Protocols;
			sourceTree = "<group>";
		};
		F87142542991868E003E8801 /* Protocols */ = {
			isa = PBXGroup;
			children = (
				F8714255299186A9003E8801 /* MovieDetailViewModelProtocol.swift */,
			);
			path = Protocols;
			sourceTree = "<group>";
		};
		F871425D2991878C003E8801 /* Protocols */ = {
			isa = PBXGroup;
			children = (
				F871425E2991879D003E8801 /* NetworkServiceProtocol.swift */,
				F82CC2F7299966E10084FAA0 /* NetworkServiceCoreProtocol.swift */,
			);
			path = Protocols;
			sourceTree = "<group>";
		};
		F871426229919E13003E8801 /* Movies */ = {
			isa = PBXGroup;
			children = (
				F871426329919E33003E8801 /* MovieResult.swift */,
				F80EC4C12909A167007E9437 /* Movie.swift */,
			);
			path = Movies;
			sourceTree = "<group>";
		};
		F871426529919E39003E8801 /* Cast */ = {
			isa = PBXGroup;
			children = (
				F80EC4E9290C1047007E9437 /* Cast.swift */,
				F871426729919E5D003E8801 /* CastResult.swift */,
			);
			path = Cast;
			sourceTree = "<group>";
		};
		F871426629919E43003E8801 /* MovieDetail */ = {
			isa = PBXGroup;
			children = (
				F80EC4E0290BEC8E007E9437 /* MovieDetail.swift */,
			);
			path = MovieDetail;
			sourceTree = "<group>";
		};
		F87142692991B117003E8801 /* Coordinator */ = {
			isa = PBXGroup;
			children = (
				F871426A2991B131003E8801 /* BaseCoordinator.swift */,
				F871426C2991B171003E8801 /* ApplicationCoordinator.swift */,
				F8714270299297AD003E8801 /* FlowsCoordinators */,
			);
			path = Coordinator;
			sourceTree = "<group>";
		};
		F8714270299297AD003E8801 /* FlowsCoordinators */ = {
			isa = PBXGroup;
			children = (
				F871426E2991B1EE003E8801 /* MovieListCoordinator.swift */,
			);
			path = FlowsCoordinators;
			sourceTree = "<group>";
		};
		F87142732992D6C6003E8801 /* Extensions */ = {
			isa = PBXGroup;
			children = (
				F87142742992D6EA003E8801 /* ViewController+Extension.swift */,
			);
			path = Extensions;
			sourceTree = "<group>";
		};
		F87142782992E789003E8801 /* States */ = {
			isa = PBXGroup;
			children = (
				F87142792992E79B003E8801 /* MovieListState.swift */,
			);
			path = States;
			sourceTree = "<group>";
		};
		F8A667FA2995AB1B000C2135 /* KeychainService */ = {
			isa = PBXGroup;
			children = (
				F8A667FB2995AB25000C2135 /* Protocols */,
				F8A667FE2995AB50000C2135 /* KeychainService.swift */,
			);
			path = KeychainService;
			sourceTree = "<group>";
		};
		F8A667FB2995AB25000C2135 /* Protocols */ = {
			isa = PBXGroup;
			children = (
				F8A667FC2995AB39000C2135 /* KeychainServiceProtocol.swift */,
			);
			path = Protocols;
			sourceTree = "<group>";
		};
		F8AC24472907417E00639953 = {
			isa = PBXGroup;
			children = (
				F8A667F42995AA23000C2135 /* MovieData+CoreDataClass.swift */,
				F8A667F52995AA23000C2135 /* MovieData+CoreDataProperties.swift */,
				F8A667F62995AA23000C2135 /* GenreData+CoreDataClass.swift */,
				F8A667F72995AA23000C2135 /* GenreData+CoreDataProperties.swift */,
				F8A667F82995AA23000C2135 /* MovieDetailData+CoreDataClass.swift */,
				F8A667F92995AA23000C2135 /* MovieDetailData+CoreDataProperties.swift */,
				F8AC24522907417E00639953 /* Movies_MVVM */,
				F82CC2D1299965760084FAA0 /* Movies_MVVMTests */,
				F82CC2DE299965840084FAA0 /* Movies_MVVMUITests */,
				F8AC24512907417E00639953 /* Products */,
				FB6C752FE051D68EB542CB63 /* Pods */,
				F472AE3FEF7E845191E42E4A /* Frameworks */,
			);
			sourceTree = "<group>";
		};
		F8AC24512907417E00639953 /* Products */ = {
			isa = PBXGroup;
			children = (
				F8AC24502907417E00639953 /* Movies_MVVM.app */,
				F82CC2D0299965760084FAA0 /* Movies_MVVMTests.xctest */,
				F82CC2DD299965840084FAA0 /* Movies_MVVMUITests.xctest */,
			);
			name = Products;
			sourceTree = "<group>";
		};
		F8AC24522907417E00639953 /* Movies_MVVM */ = {
			isa = PBXGroup;
			children = (
				F87142732992D6C6003E8801 /* Extensions */,
				F80EC4B729081C22007E9437 /* Models */,
				F80EC4B12908093E007E9437 /* Helpers */,
				F80EC4AE29080663007E9437 /* Core */,
				F8AC246929074CA500639953 /* Modules */,
				F8AC246D29074CF400639953 /* SupportingFiles */,
				F8AC245C2907418000639953 /* Assets.xcassets */,
				F8AC245E2907418000639953 /* LaunchScreen.storyboard */,
				F8AC24612907418000639953 /* Info.plist */,
				F82CC2EA299965F00084FAA0 /* MockCast.json */,
				F82CC2E8299965F00084FAA0 /* MockMovie.json */,
				F82CC2E9299965F00084FAA0 /* MockMovieDetail.json */,
			);
			path = Movies_MVVM;
			sourceTree = "<group>";
		};
		F8AC246929074CA500639953 /* Modules */ = {
			isa = PBXGroup;
			children = (
				F80EC4AB290803D0007E9437 /* ProfileTab */,
				F8AC246A29074CC200639953 /* MoviesListTab */,
				F80EC4C3290A72BD007E9437 /* MovieDetailTab */,
			);
			path = Modules;
			sourceTree = "<group>";
		};
		F8AC246A29074CC200639953 /* MoviesListTab */ = {
			isa = PBXGroup;
			children = (
				F871425129918631003E8801 /* ViewModel */,
				F8AC246C29074CDD00639953 /* View */,
			);
			path = MoviesListTab;
			sourceTree = "<group>";
		};
		F8AC246C29074CDD00639953 /* View */ = {
			isa = PBXGroup;
			children = (
				F87142782992E789003E8801 /* States */,
				F80EC4B429081292007E9437 /* Cells */,
				F8AC24572907417E00639953 /* MovieListViewController.swift */,
			);
			path = View;
			sourceTree = "<group>";
		};
		F8AC246D29074CF400639953 /* SupportingFiles */ = {
			isa = PBXGroup;
			children = (
				F8AC24532907417E00639953 /* AppDelegate.swift */,
				F8AC24552907417E00639953 /* SceneDelegate.swift */,
			);
			path = SupportingFiles;
			sourceTree = "<group>";
		};
		FB6C752FE051D68EB542CB63 /* Pods */ = {
			isa = PBXGroup;
			children = (
				4B83F582B8E9380F893FBD0F /* Pods-Movies_MVVM.debug.xcconfig */,
				6A77ADE6FEAF61DFBD0AB22C /* Pods-Movies_MVVM.release.xcconfig */,
			);
			path = Pods;
			sourceTree = "<group>";
		};
/* End PBXGroup section */

/* Begin PBXNativeTarget section */
		F82CC2CF299965760084FAA0 /* Movies_MVVMTests */ = {
			isa = PBXNativeTarget;
			buildConfigurationList = F82CC2D8299965760084FAA0 /* Build configuration list for PBXNativeTarget "Movies_MVVMTests" */;
			buildPhases = (
				F82CC2CC299965760084FAA0 /* Sources */,
				F82CC2CD299965760084FAA0 /* Frameworks */,
				F82CC2CE299965760084FAA0 /* Resources */,
			);
			buildRules = (
			);
			dependencies = (
				F82CC2D5299965760084FAA0 /* PBXTargetDependency */,
			);
			name = Movies_MVVMTests;
			productName = Movies_MVVMTests;
			productReference = F82CC2D0299965760084FAA0 /* Movies_MVVMTests.xctest */;
			productType = "com.apple.product-type.bundle.unit-test";
		};
		F82CC2DC299965840084FAA0 /* Movies_MVVMUITests */ = {
			isa = PBXNativeTarget;
			buildConfigurationList = F82CC2E5299965840084FAA0 /* Build configuration list for PBXNativeTarget "Movies_MVVMUITests" */;
			buildPhases = (
				F82CC2D9299965840084FAA0 /* Sources */,
				F82CC2DA299965840084FAA0 /* Frameworks */,
				F82CC2DB299965840084FAA0 /* Resources */,
			);
			buildRules = (
			);
			dependencies = (
				F82CC2E4299965840084FAA0 /* PBXTargetDependency */,
			);
			name = Movies_MVVMUITests;
			productName = Movies_MVVMUITests;
			productReference = F82CC2DD299965840084FAA0 /* Movies_MVVMUITests.xctest */;
			productType = "com.apple.product-type.bundle.ui-testing";
		};
		F8AC244F2907417E00639953 /* Movies_MVVM */ = {
			isa = PBXNativeTarget;
			buildConfigurationList = F8AC24642907418000639953 /* Build configuration list for PBXNativeTarget "Movies_MVVM" */;
			buildPhases = (
				F14688D1F2C23EF373E91501 /* [CP] Check Pods Manifest.lock */,
				F8AC244C2907417E00639953 /* Sources */,
				F8AC244D2907417E00639953 /* Frameworks */,
				F8AC244E2907417E00639953 /* Resources */,
				F8AC2468290743D400639953 /* Swiftformat */,
				F8AC2467290741E100639953 /* Swiftlint */,
				7A2D81CB0F7965788EA62C32 /* [CP] Embed Pods Frameworks */,
			);
			buildRules = (
			);
			dependencies = (
			);
			name = Movies_MVVM;
			productName = MovieAggregator;
			productReference = F8AC24502907417E00639953 /* Movies_MVVM.app */;
			productType = "com.apple.product-type.application";
		};
/* End PBXNativeTarget section */

/* Begin PBXProject section */
		F8AC24482907417E00639953 /* Project object */ = {
			isa = PBXProject;
			attributes = {
				BuildIndependentTargetsInParallel = 1;
				LastSwiftUpdateCheck = 1420;
				LastUpgradeCheck = 1400;
				TargetAttributes = {
					F82CC2CF299965760084FAA0 = {
						CreatedOnToolsVersion = 14.2;
						TestTargetID = F8AC244F2907417E00639953;
					};
					F82CC2DC299965840084FAA0 = {
						CreatedOnToolsVersion = 14.2;
						TestTargetID = F8AC244F2907417E00639953;
					};
					F8AC244F2907417E00639953 = {
						CreatedOnToolsVersion = 14.0;
					};
				};
			};
			buildConfigurationList = F8AC244B2907417E00639953 /* Build configuration list for PBXProject "Movies_MVVM" */;
			compatibilityVersion = "Xcode 14.0";
			developmentRegion = en;
			hasScannedForEncodings = 0;
			knownRegions = (
				en,
				Base,
			);
			mainGroup = F8AC24472907417E00639953;
			productRefGroup = F8AC24512907417E00639953 /* Products */;
			projectDirPath = "";
			projectRoot = "";
			targets = (
				F8AC244F2907417E00639953 /* Movies_MVVM */,
				F82CC2CF299965760084FAA0 /* Movies_MVVMTests */,
				F82CC2DC299965840084FAA0 /* Movies_MVVMUITests */,
			);
		};
/* End PBXProject section */

/* Begin PBXResourcesBuildPhase section */
		F82CC2CE299965760084FAA0 /* Resources */ = {
			isa = PBXResourcesBuildPhase;
			buildActionMask = 2147483647;
			files = (
				F82CC2F0299965F00084FAA0 /* MockCast.json in Resources */,
				F82CC2EC299965F00084FAA0 /* MockMovie.json in Resources */,
				F82CC2EE299965F00084FAA0 /* MockMovieDetail.json in Resources */,
			);
			runOnlyForDeploymentPostprocessing = 0;
		};
		F82CC2DB299965840084FAA0 /* Resources */ = {
			isa = PBXResourcesBuildPhase;
			buildActionMask = 2147483647;
			files = (
			);
			runOnlyForDeploymentPostprocessing = 0;
		};
		F8AC244E2907417E00639953 /* Resources */ = {
			isa = PBXResourcesBuildPhase;
			buildActionMask = 2147483647;
			files = (
				F866B0C8299588B3002DDCA6 /* LaunchScreen.storyboard in Resources */,
				F82CC2ED299965F00084FAA0 /* MockMovieDetail.json in Resources */,
				F82CC2EB299965F00084FAA0 /* MockMovie.json in Resources */,
				F8AC245D2907418000639953 /* Assets.xcassets in Resources */,
				F82CC2EF299965F00084FAA0 /* MockCast.json in Resources */,
			);
			runOnlyForDeploymentPostprocessing = 0;
		};
/* End PBXResourcesBuildPhase section */

/* Begin PBXShellScriptBuildPhase section */
		7A2D81CB0F7965788EA62C32 /* [CP] Embed Pods Frameworks */ = {
			isa = PBXShellScriptBuildPhase;
			buildActionMask = 2147483647;
			files = (
			);
			inputFileListPaths = (
				"${PODS_ROOT}/Target Support Files/Pods-Movies_MVVM/Pods-Movies_MVVM-frameworks-${CONFIGURATION}-input-files.xcfilelist",
			);
			name = "[CP] Embed Pods Frameworks";
			outputFileListPaths = (
				"${PODS_ROOT}/Target Support Files/Pods-Movies_MVVM/Pods-Movies_MVVM-frameworks-${CONFIGURATION}-output-files.xcfilelist",
			);
			runOnlyForDeploymentPostprocessing = 0;
			shellPath = /bin/sh;
			shellScript = "\"${PODS_ROOT}/Target Support Files/Pods-Movies_MVVM/Pods-Movies_MVVM-frameworks.sh\"\n";
			showEnvVarsInLog = 0;
		};
		F14688D1F2C23EF373E91501 /* [CP] Check Pods Manifest.lock */ = {
			isa = PBXShellScriptBuildPhase;
			buildActionMask = 2147483647;
			files = (
			);
			inputFileListPaths = (
			);
			inputPaths = (
				"${PODS_PODFILE_DIR_PATH}/Podfile.lock",
				"${PODS_ROOT}/Manifest.lock",
			);
			name = "[CP] Check Pods Manifest.lock";
			outputFileListPaths = (
			);
			outputPaths = (
				"$(DERIVED_FILE_DIR)/Pods-Movies_MVVM-checkManifestLockResult.txt",
			);
			runOnlyForDeploymentPostprocessing = 0;
			shellPath = /bin/sh;
			shellScript = "diff \"${PODS_PODFILE_DIR_PATH}/Podfile.lock\" \"${PODS_ROOT}/Manifest.lock\" > /dev/null\nif [ $? != 0 ] ; then\n    # print error to STDERR\n    echo \"error: The sandbox is not in sync with the Podfile.lock. Run 'pod install' or update your CocoaPods installation.\" >&2\n    exit 1\nfi\n# This output is used by Xcode 'outputs' to avoid re-running this script phase.\necho \"SUCCESS\" > \"${SCRIPT_OUTPUT_FILE_0}\"\n";
			showEnvVarsInLog = 0;
		};
		F8AC2467290741E100639953 /* Swiftlint */ = {
			isa = PBXShellScriptBuildPhase;
			alwaysOutOfDate = 1;
			buildActionMask = 2147483647;
			files = (
			);
			inputFileListPaths = (
			);
			inputPaths = (
			);
			name = Swiftlint;
			outputFileListPaths = (
			);
			outputPaths = (
			);
			runOnlyForDeploymentPostprocessing = 0;
			shellPath = /bin/sh;
			shellScript = "export PATH=\"$PATH:/opt/homebrew/bin\"\nif which swiftlint > /dev/null; then\n  swiftlint\nelse\n  echo \"warning: SwiftLint not installed, download from https://github.com/realm/SwiftLint\"\nfi\n";
		};
		F8AC2468290743D400639953 /* Swiftformat */ = {
			isa = PBXShellScriptBuildPhase;
			alwaysOutOfDate = 1;
			buildActionMask = 2147483647;
			files = (
			);
			inputFileListPaths = (
			);
			inputPaths = (
			);
			name = Swiftformat;
			outputFileListPaths = (
			);
			outputPaths = (
			);
			runOnlyForDeploymentPostprocessing = 0;
			shellPath = /bin/sh;
			shellScript = "export PATH=\"$PATH:/opt/homebrew/bin\"\nif which swiftformat >/dev/null; then\n  swiftformat .\nelse\n  echo \"warning: SwiftFormat not installed, download from https://github.com/nicklockwood/SwiftFormat\"\nfi\n";
		};
/* End PBXShellScriptBuildPhase section */

/* Begin PBXSourcesBuildPhase section */
		F82CC2CC299965760084FAA0 /* Sources */ = {
			isa = PBXSourcesBuildPhase;
			buildActionMask = 2147483647;
			files = (
				F82CC2F62999667E0084FAA0 /* MockNetworkService.swift in Sources */,
				F82CC302299968650084FAA0 /* MovieListViewModelTests.swift in Sources */,
				F82CC2D3299965760084FAA0 /* AssemblyBuilderTests.swift in Sources */,
				F82CC308299968AA0084FAA0 /* ImageServiceTests.swift in Sources */,
				F82CC2FE299967E00084FAA0 /* MockImageNetworkService.swift in Sources */,
				F82CC3042999687F0084FAA0 /* MovieDetailViewModelTests.swift in Sources */,
				F82CC30A299968C80084FAA0 /* ImageNetworkServiceTests.swift in Sources */,
				F82CC300299968440084FAA0 /* DataServiceTests.swift in Sources */,
				F82CC2FA299967610084FAA0 /* MockKeychainService.swift in Sources */,
				F82CC306299968930084FAA0 /* NetworkServiceTests.swift in Sources */,
				F82CC2FC299967C20084FAA0 /* MockImageService.swift in Sources */,
			);
			runOnlyForDeploymentPostprocessing = 0;
		};
		F82CC2D9299965840084FAA0 /* Sources */ = {
			isa = PBXSourcesBuildPhase;
			buildActionMask = 2147483647;
			files = (
				F82CC2E0299965840084FAA0 /* Movies_MVVMUITests.swift in Sources */,
			);
			runOnlyForDeploymentPostprocessing = 0;
		};
		F8AC244C2907417E00639953 /* Sources */ = {
			isa = PBXSourcesBuildPhase;
			buildActionMask = 2147483647;
			files = (
				F80EC4BE29081D47007E9437 /* NetworkServiceCore.swift in Sources */,
				F871425C29918741003E8801 /* MovieListViewModel.swift in Sources */,
				F871423E29917F1B003E8801 /* AssemblyModuleBuilder.swift in Sources */,
				F871427A2992E79B003E8801 /* MovieListState.swift in Sources */,
				F8AC24582907417E00639953 /* MovieListViewController.swift in Sources */,
				F871424229918166003E8801 /* ImageServiceProtocol.swift in Sources */,
				F80EC4E8290C0785007E9437 /* ActorCollectionViewCell.swift in Sources */,
				F871424E299181C7003E8801 /* FileManagerService.swift in Sources */,
				F82545A62994209C00A25431 /* DataService.swift in Sources */,
				F80EC4E6290C03D7007E9437 /* CastTableViewCell.swift in Sources */,
				F80EC4B32908094B007E9437 /* Colors.swift in Sources */,
				F8A667FF2995AB50000C2135 /* KeychainService.swift in Sources */,
				F80EC4AA2907FDD6007E9437 /* MainTabViewController.swift in Sources */,
				F871424C299181B9003E8801 /* Proxy.swift in Sources */,
				F87142482991819D003E8801 /* ImageNetworkServiceProtocol.swift in Sources */,
				F871426D2991B171003E8801 /* ApplicationCoordinator.swift in Sources */,
				F80EC4DB290B386A007E9437 /* GenreTableViewCell.swift in Sources */,
				F80EC4C5290A72FD007E9437 /* MovieDetailViewController.swift in Sources */,
				F80EC4EA290C1047007E9437 /* Cast.swift in Sources */,
				F871424A299181AE003E8801 /* ImageService.swift in Sources */,
				F80EC4AD290803F1007E9437 /* FavoriteViewController.swift in Sources */,
				F871423C29917EBB003E8801 /* AssemblyModuleBuilderProtocol.swift in Sources */,
				F871426F2991B1EE003E8801 /* MovieListCoordinator.swift in Sources */,
				F87142772992D830003E8801 /* Handlers.swift in Sources */,
				F8714250299181D6003E8801 /* ImageNetworkService.swift in Sources */,
				F871425A29918717003E8801 /* MovieListViewModelProtocol.swift in Sources */,
				F80EC4B6290812B7007E9437 /* MovieCollectionViewCell.swift in Sources */,
				F871426829919E5D003E8801 /* CastResult.swift in Sources */,
				F80EC4C22909A167007E9437 /* Movie.swift in Sources */,
				F8714261299192F2003E8801 /* NetworkService.swift in Sources */,
				F87142752992D6EA003E8801 /* ViewController+Extension.swift in Sources */,
				F82545A92994210000A25431 /* MoviesContainer.xcdatamodeld in Sources */,
				F871425829918702003E8801 /* MovieDetailViewModel.swift in Sources */,
				F871424429918173003E8801 /* ProxyProtocol.swift in Sources */,
				F871425F2991879D003E8801 /* NetworkServiceProtocol.swift in Sources */,
				F8714256299186A9003E8801 /* MovieDetailViewModelProtocol.swift in Sources */,
				F871426B2991B131003E8801 /* BaseCoordinator.swift in Sources */,
				F80EC4D6290B3022007E9437 /* OverviewTableViewCell.swift in Sources */,
				F82545AC29942B0D00A25431 /* DataServiceProtocol.swift in Sources */,
				F871424629918188003E8801 /* FileManagerServiceProtocol.swift in Sources */,
				F8A667FD2995AB39000C2135 /* KeychainServiceProtocol.swift in Sources */,
				F8F28A1A2995524800527D96 /* DataCore.swift in Sources */,
				F80EC4D3290B24B4007E9437 /* PosterMovieTableViewCell.swift in Sources */,
				F80EC4E1290BEC8E007E9437 /* MovieDetail.swift in Sources */,
				F82CC2F8299966E10084FAA0 /* NetworkServiceCoreProtocol.swift in Sources */,
				F80EC4D0290AF9B5007E9437 /* MovieInfoTableViewCell.swift in Sources */,
				F8AC24542907417E00639953 /* AppDelegate.swift in Sources */,
				F871426429919E33003E8801 /* MovieResult.swift in Sources */,
				F8AC24562907417E00639953 /* SceneDelegate.swift in Sources */,
				F80EC4D8290B326B007E9437 /* Fonts.swift in Sources */,
			);
			runOnlyForDeploymentPostprocessing = 0;
		};
/* End PBXSourcesBuildPhase section */

/* Begin PBXTargetDependency section */
		F82CC2D5299965760084FAA0 /* PBXTargetDependency */ = {
			isa = PBXTargetDependency;
			target = F8AC244F2907417E00639953 /* Movies_MVVM */;
			targetProxy = F82CC2D4299965760084FAA0 /* PBXContainerItemProxy */;
		};
		F82CC2E4299965840084FAA0 /* PBXTargetDependency */ = {
			isa = PBXTargetDependency;
			target = F8AC244F2907417E00639953 /* Movies_MVVM */;
			targetProxy = F82CC2E3299965840084FAA0 /* PBXContainerItemProxy */;
		};
/* End PBXTargetDependency section */

/* Begin PBXVariantGroup section */
		F8AC245E2907418000639953 /* LaunchScreen.storyboard */ = {
			isa = PBXVariantGroup;
			children = (
				F8AC245F2907418000639953 /* Base */,
			);
			name = LaunchScreen.storyboard;
			sourceTree = "<group>";
		};
/* End PBXVariantGroup section */

/* Begin XCBuildConfiguration section */
		F82CC2D6299965760084FAA0 /* Debug */ = {
			isa = XCBuildConfiguration;
			buildSettings = {
				BUNDLE_LOADER = "$(TEST_HOST)";
				CODE_SIGN_STYLE = Automatic;
				CURRENT_PROJECT_VERSION = 1;
				DEVELOPMENT_TEAM = 23LWN74XLQ;
				GENERATE_INFOPLIST_FILE = YES;
				IPHONEOS_DEPLOYMENT_TARGET = 16.2;
				MARKETING_VERSION = 1.0;
				PRODUCT_BUNDLE_IDENTIFIER = "aleksandr.dorofeev.Movies-MVVMTests";
				PRODUCT_NAME = "$(TARGET_NAME)";
				SWIFT_EMIT_LOC_STRINGS = NO;
				SWIFT_VERSION = 5.0;
				TARGETED_DEVICE_FAMILY = "1,2";
				TEST_HOST = "$(BUILT_PRODUCTS_DIR)/Movies_MVVM.app/$(BUNDLE_EXECUTABLE_FOLDER_PATH)/Movies_MVVM";
			};
			name = Debug;
		};
		F82CC2D7299965760084FAA0 /* Release */ = {
			isa = XCBuildConfiguration;
			buildSettings = {
				BUNDLE_LOADER = "$(TEST_HOST)";
				CODE_SIGN_STYLE = Automatic;
				CURRENT_PROJECT_VERSION = 1;
				DEVELOPMENT_TEAM = 23LWN74XLQ;
				GENERATE_INFOPLIST_FILE = YES;
				IPHONEOS_DEPLOYMENT_TARGET = 16.2;
				MARKETING_VERSION = 1.0;
				PRODUCT_BUNDLE_IDENTIFIER = "aleksandr.dorofeev.Movies-MVVMTests";
				PRODUCT_NAME = "$(TARGET_NAME)";
				SWIFT_EMIT_LOC_STRINGS = NO;
				SWIFT_VERSION = 5.0;
				TARGETED_DEVICE_FAMILY = "1,2";
				TEST_HOST = "$(BUILT_PRODUCTS_DIR)/Movies_MVVM.app/$(BUNDLE_EXECUTABLE_FOLDER_PATH)/Movies_MVVM";
			};
			name = Release;
		};
		F82CC2E6299965840084FAA0 /* Debug */ = {
			isa = XCBuildConfiguration;
			buildSettings = {
				CODE_SIGN_STYLE = Automatic;
				CURRENT_PROJECT_VERSION = 1;
				DEVELOPMENT_TEAM = 23LWN74XLQ;
				GENERATE_INFOPLIST_FILE = YES;
				IPHONEOS_DEPLOYMENT_TARGET = 16.2;
				MARKETING_VERSION = 1.0;
				PRODUCT_BUNDLE_IDENTIFIER = "aleksandr.dorofeev.Movies-MVVMUITests";
				PRODUCT_NAME = "$(TARGET_NAME)";
				SWIFT_EMIT_LOC_STRINGS = NO;
				SWIFT_VERSION = 5.0;
				TARGETED_DEVICE_FAMILY = "1,2";
				TEST_TARGET_NAME = Movies_MVVM;
			};
			name = Debug;
		};
		F82CC2E7299965840084FAA0 /* Release */ = {
			isa = XCBuildConfiguration;
			buildSettings = {
				CODE_SIGN_STYLE = Automatic;
				CURRENT_PROJECT_VERSION = 1;
				DEVELOPMENT_TEAM = 23LWN74XLQ;
				GENERATE_INFOPLIST_FILE = YES;
				IPHONEOS_DEPLOYMENT_TARGET = 16.2;
				MARKETING_VERSION = 1.0;
				PRODUCT_BUNDLE_IDENTIFIER = "aleksandr.dorofeev.Movies-MVVMUITests";
				PRODUCT_NAME = "$(TARGET_NAME)";
				SWIFT_EMIT_LOC_STRINGS = NO;
				SWIFT_VERSION = 5.0;
				TARGETED_DEVICE_FAMILY = "1,2";
				TEST_TARGET_NAME = Movies_MVVM;
			};
			name = Release;
		};
		F8AC24622907418000639953 /* Debug */ = {
			isa = XCBuildConfiguration;
			buildSettings = {
				ALWAYS_SEARCH_USER_PATHS = NO;
				CLANG_ANALYZER_NONNULL = YES;
				CLANG_ANALYZER_NUMBER_OBJECT_CONVERSION = YES_AGGRESSIVE;
				CLANG_CXX_LANGUAGE_STANDARD = "gnu++20";
				CLANG_ENABLE_MODULES = YES;
				CLANG_ENABLE_OBJC_ARC = YES;
				CLANG_ENABLE_OBJC_WEAK = YES;
				CLANG_WARN_BLOCK_CAPTURE_AUTORELEASING = YES;
				CLANG_WARN_BOOL_CONVERSION = YES;
				CLANG_WARN_COMMA = YES;
				CLANG_WARN_CONSTANT_CONVERSION = YES;
				CLANG_WARN_DEPRECATED_OBJC_IMPLEMENTATIONS = YES;
				CLANG_WARN_DIRECT_OBJC_ISA_USAGE = YES_ERROR;
				CLANG_WARN_DOCUMENTATION_COMMENTS = YES;
				CLANG_WARN_EMPTY_BODY = YES;
				CLANG_WARN_ENUM_CONVERSION = YES;
				CLANG_WARN_INFINITE_RECURSION = YES;
				CLANG_WARN_INT_CONVERSION = YES;
				CLANG_WARN_NON_LITERAL_NULL_CONVERSION = YES;
				CLANG_WARN_OBJC_IMPLICIT_RETAIN_SELF = YES;
				CLANG_WARN_OBJC_LITERAL_CONVERSION = YES;
				CLANG_WARN_OBJC_ROOT_CLASS = YES_ERROR;
				CLANG_WARN_QUOTED_INCLUDE_IN_FRAMEWORK_HEADER = YES;
				CLANG_WARN_RANGE_LOOP_ANALYSIS = YES;
				CLANG_WARN_STRICT_PROTOTYPES = YES;
				CLANG_WARN_SUSPICIOUS_MOVE = YES;
				CLANG_WARN_UNGUARDED_AVAILABILITY = YES_AGGRESSIVE;
				CLANG_WARN_UNREACHABLE_CODE = YES;
				CLANG_WARN__DUPLICATE_METHOD_MATCH = YES;
				COPY_PHASE_STRIP = NO;
				DEBUG_INFORMATION_FORMAT = dwarf;
				ENABLE_STRICT_OBJC_MSGSEND = YES;
				ENABLE_TESTABILITY = YES;
				GCC_C_LANGUAGE_STANDARD = gnu11;
				GCC_DYNAMIC_NO_PIC = NO;
				GCC_NO_COMMON_BLOCKS = YES;
				GCC_OPTIMIZATION_LEVEL = 0;
				GCC_PREPROCESSOR_DEFINITIONS = (
					"DEBUG=1",
					"$(inherited)",
				);
				GCC_WARN_64_TO_32_BIT_CONVERSION = YES;
				GCC_WARN_ABOUT_RETURN_TYPE = YES_ERROR;
				GCC_WARN_UNDECLARED_SELECTOR = YES;
				GCC_WARN_UNINITIALIZED_AUTOS = YES_AGGRESSIVE;
				GCC_WARN_UNUSED_FUNCTION = YES;
				GCC_WARN_UNUSED_VARIABLE = YES;
				IPHONEOS_DEPLOYMENT_TARGET = 16.0;
				MTL_ENABLE_DEBUG_INFO = INCLUDE_SOURCE;
				MTL_FAST_MATH = YES;
				ONLY_ACTIVE_ARCH = YES;
				SDKROOT = iphoneos;
				SWIFT_ACTIVE_COMPILATION_CONDITIONS = DEBUG;
				SWIFT_OPTIMIZATION_LEVEL = "-Onone";
			};
			name = Debug;
		};
		F8AC24632907418000639953 /* Release */ = {
			isa = XCBuildConfiguration;
			buildSettings = {
				ALWAYS_SEARCH_USER_PATHS = NO;
				CLANG_ANALYZER_NONNULL = YES;
				CLANG_ANALYZER_NUMBER_OBJECT_CONVERSION = YES_AGGRESSIVE;
				CLANG_CXX_LANGUAGE_STANDARD = "gnu++20";
				CLANG_ENABLE_MODULES = YES;
				CLANG_ENABLE_OBJC_ARC = YES;
				CLANG_ENABLE_OBJC_WEAK = YES;
				CLANG_WARN_BLOCK_CAPTURE_AUTORELEASING = YES;
				CLANG_WARN_BOOL_CONVERSION = YES;
				CLANG_WARN_COMMA = YES;
				CLANG_WARN_CONSTANT_CONVERSION = YES;
				CLANG_WARN_DEPRECATED_OBJC_IMPLEMENTATIONS = YES;
				CLANG_WARN_DIRECT_OBJC_ISA_USAGE = YES_ERROR;
				CLANG_WARN_DOCUMENTATION_COMMENTS = YES;
				CLANG_WARN_EMPTY_BODY = YES;
				CLANG_WARN_ENUM_CONVERSION = YES;
				CLANG_WARN_INFINITE_RECURSION = YES;
				CLANG_WARN_INT_CONVERSION = YES;
				CLANG_WARN_NON_LITERAL_NULL_CONVERSION = YES;
				CLANG_WARN_OBJC_IMPLICIT_RETAIN_SELF = YES;
				CLANG_WARN_OBJC_LITERAL_CONVERSION = YES;
				CLANG_WARN_OBJC_ROOT_CLASS = YES_ERROR;
				CLANG_WARN_QUOTED_INCLUDE_IN_FRAMEWORK_HEADER = YES;
				CLANG_WARN_RANGE_LOOP_ANALYSIS = YES;
				CLANG_WARN_STRICT_PROTOTYPES = YES;
				CLANG_WARN_SUSPICIOUS_MOVE = YES;
				CLANG_WARN_UNGUARDED_AVAILABILITY = YES_AGGRESSIVE;
				CLANG_WARN_UNREACHABLE_CODE = YES;
				CLANG_WARN__DUPLICATE_METHOD_MATCH = YES;
				COPY_PHASE_STRIP = NO;
				DEBUG_INFORMATION_FORMAT = "dwarf-with-dsym";
				ENABLE_NS_ASSERTIONS = NO;
				ENABLE_STRICT_OBJC_MSGSEND = YES;
				GCC_C_LANGUAGE_STANDARD = gnu11;
				GCC_NO_COMMON_BLOCKS = YES;
				GCC_WARN_64_TO_32_BIT_CONVERSION = YES;
				GCC_WARN_ABOUT_RETURN_TYPE = YES_ERROR;
				GCC_WARN_UNDECLARED_SELECTOR = YES;
				GCC_WARN_UNINITIALIZED_AUTOS = YES_AGGRESSIVE;
				GCC_WARN_UNUSED_FUNCTION = YES;
				GCC_WARN_UNUSED_VARIABLE = YES;
				IPHONEOS_DEPLOYMENT_TARGET = 16.0;
				MTL_ENABLE_DEBUG_INFO = NO;
				MTL_FAST_MATH = YES;
				SDKROOT = iphoneos;
				SWIFT_COMPILATION_MODE = wholemodule;
				SWIFT_OPTIMIZATION_LEVEL = "-O";
				VALIDATE_PRODUCT = YES;
			};
			name = Release;
		};
		F8AC24652907418000639953 /* Debug */ = {
			isa = XCBuildConfiguration;
			baseConfigurationReference = 4B83F582B8E9380F893FBD0F /* Pods-Movies_MVVM.debug.xcconfig */;
			buildSettings = {
				ASSETCATALOG_COMPILER_APPICON_NAME = AppIcon;
				ASSETCATALOG_COMPILER_GLOBAL_ACCENT_COLOR_NAME = AccentColor;
				CODE_SIGN_STYLE = Automatic;
				CURRENT_PROJECT_VERSION = 1;
				DEVELOPMENT_TEAM = 23LWN74XLQ;
				GENERATE_INFOPLIST_FILE = YES;
				INFOPLIST_FILE = Movies_MVVM/Info.plist;
				INFOPLIST_KEY_UIApplicationSupportsIndirectInputEvents = YES;
				INFOPLIST_KEY_UILaunchStoryboardName = LaunchScreen;
				INFOPLIST_KEY_UISupportedInterfaceOrientations_iPad = "UIInterfaceOrientationPortrait UIInterfaceOrientationPortraitUpsideDown UIInterfaceOrientationLandscapeLeft UIInterfaceOrientationLandscapeRight";
				INFOPLIST_KEY_UISupportedInterfaceOrientations_iPhone = "UIInterfaceOrientationPortrait UIInterfaceOrientationLandscapeLeft UIInterfaceOrientationLandscapeRight";
				LD_RUNPATH_SEARCH_PATHS = (
					"$(inherited)",
					"@executable_path/Frameworks",
				);
				MARKETING_VERSION = 1.0;
				PRODUCT_BUNDLE_IDENTIFIER = aleksandr.dorofeev.MoviesMVVM;
				PRODUCT_NAME = "$(TARGET_NAME)";
				SWIFT_EMIT_LOC_STRINGS = YES;
				SWIFT_VERSION = 5.0;
				TARGETED_DEVICE_FAMILY = "1,2";
			};
			name = Debug;
		};
		F8AC24662907418000639953 /* Release */ = {
			isa = XCBuildConfiguration;
			baseConfigurationReference = 6A77ADE6FEAF61DFBD0AB22C /* Pods-Movies_MVVM.release.xcconfig */;
			buildSettings = {
				ASSETCATALOG_COMPILER_APPICON_NAME = AppIcon;
				ASSETCATALOG_COMPILER_GLOBAL_ACCENT_COLOR_NAME = AccentColor;
				CODE_SIGN_STYLE = Automatic;
				CURRENT_PROJECT_VERSION = 1;
				DEVELOPMENT_TEAM = 23LWN74XLQ;
				GENERATE_INFOPLIST_FILE = YES;
				INFOPLIST_FILE = Movies_MVVM/Info.plist;
				INFOPLIST_KEY_UIApplicationSupportsIndirectInputEvents = YES;
				INFOPLIST_KEY_UILaunchStoryboardName = LaunchScreen;
				INFOPLIST_KEY_UISupportedInterfaceOrientations_iPad = "UIInterfaceOrientationPortrait UIInterfaceOrientationPortraitUpsideDown UIInterfaceOrientationLandscapeLeft UIInterfaceOrientationLandscapeRight";
				INFOPLIST_KEY_UISupportedInterfaceOrientations_iPhone = "UIInterfaceOrientationPortrait UIInterfaceOrientationLandscapeLeft UIInterfaceOrientationLandscapeRight";
				LD_RUNPATH_SEARCH_PATHS = (
					"$(inherited)",
					"@executable_path/Frameworks",
				);
				MARKETING_VERSION = 1.0;
				PRODUCT_BUNDLE_IDENTIFIER = aleksandr.dorofeev.MoviesMVVM;
				PRODUCT_NAME = "$(TARGET_NAME)";
				SWIFT_EMIT_LOC_STRINGS = YES;
				SWIFT_VERSION = 5.0;
				TARGETED_DEVICE_FAMILY = "1,2";
			};
			name = Release;
		};
/* End XCBuildConfiguration section */

/* Begin XCConfigurationList section */
		F82CC2D8299965760084FAA0 /* Build configuration list for PBXNativeTarget "Movies_MVVMTests" */ = {
			isa = XCConfigurationList;
			buildConfigurations = (
				F82CC2D6299965760084FAA0 /* Debug */,
				F82CC2D7299965760084FAA0 /* Release */,
			);
			defaultConfigurationIsVisible = 0;
			defaultConfigurationName = Release;
		};
		F82CC2E5299965840084FAA0 /* Build configuration list for PBXNativeTarget "Movies_MVVMUITests" */ = {
			isa = XCConfigurationList;
			buildConfigurations = (
				F82CC2E6299965840084FAA0 /* Debug */,
				F82CC2E7299965840084FAA0 /* Release */,
			);
			defaultConfigurationIsVisible = 0;
			defaultConfigurationName = Release;
		};
		F8AC244B2907417E00639953 /* Build configuration list for PBXProject "Movies_MVVM" */ = {
			isa = XCConfigurationList;
			buildConfigurations = (
				F8AC24622907418000639953 /* Debug */,
				F8AC24632907418000639953 /* Release */,
			);
			defaultConfigurationIsVisible = 0;
			defaultConfigurationName = Release;
		};
		F8AC24642907418000639953 /* Build configuration list for PBXNativeTarget "Movies_MVVM" */ = {
			isa = XCConfigurationList;
			buildConfigurations = (
				F8AC24652907418000639953 /* Debug */,
				F8AC24662907418000639953 /* Release */,
			);
			defaultConfigurationIsVisible = 0;
			defaultConfigurationName = Release;
		};
/* End XCConfigurationList section */

/* Begin XCVersionGroup section */
		F82545A72994210000A25431 /* MoviesContainer.xcdatamodeld */ = {
			isa = XCVersionGroup;
			children = (
				F82545A82994210000A25431 /* MoviesContainer.xcdatamodel */,
			);
			currentVersion = F82545A82994210000A25431 /* MoviesContainer.xcdatamodel */;
			path = MoviesContainer.xcdatamodeld;
			sourceTree = "<group>";
			versionGroupType = wrapper.xcdatamodel;
		};
/* End XCVersionGroup section */
	};
	rootObject = F8AC24482907417E00639953 /* Project object */;
}
